// !$*UTF8*$!
{
	archiveVersion = 1;
	classes = {
	};
	objectVersion = 46;
	objects = {

/* Begin PBXBuildFile section */
		4CBB0CC385953B2A0AA9B89B /* libPods.a in Frameworks */ = {isa = PBXBuildFile; fileRef = 519BF7C0CC0CC067CFFCD395 /* libPods.a */; };
		650EB7D01D3C7F3900BA4AD7 /* BaseAnimatedTransitioningControll.m in Sources */ = {isa = PBXBuildFile; fileRef = 650EB7CF1D3C7F3900BA4AD7 /* BaseAnimatedTransitioningControll.m */; };
		650EB7E91D3CAE7800BA4AD7 /* SimpleAnimatedControll.m in Sources */ = {isa = PBXBuildFile; fileRef = 650EB7E81D3CAE7800BA4AD7 /* SimpleAnimatedControll.m */; };
		650EB7EC1D3CC19D00BA4AD7 /* TwoPageControll.m in Sources */ = {isa = PBXBuildFile; fileRef = 650EB7EB1D3CC19D00BA4AD7 /* TwoPageControll.m */; };
		650EB7F01D3CDC9500BA4AD7 /* Present2PageControll.m in Sources */ = {isa = PBXBuildFile; fileRef = 650EB7EF1D3CDC9500BA4AD7 /* Present2PageControll.m */; };
		654476BC1D001503005659D5 /* UITableView+SDAutoTableViewCellHeight.m in Sources */ = {isa = PBXBuildFile; fileRef = 654476B91D001503005659D5 /* UITableView+SDAutoTableViewCellHeight.m */; };
		654476BD1D001503005659D5 /* UIView+SDAutoLayout.m in Sources */ = {isa = PBXBuildFile; fileRef = 654476BB1D001503005659D5 /* UIView+SDAutoLayout.m */; };
		654476BF1D00152E005659D5 /* Storyboard3.storyboard in Resources */ = {isa = PBXBuildFile; fileRef = 654476BE1D00152E005659D5 /* Storyboard3.storyboard */; };
		654476C21D0015AD005659D5 /* Main_ViewController.m in Sources */ = {isa = PBXBuildFile; fileRef = 654476C11D0015AD005659D5 /* Main_ViewController.m */; };
		654B4B121D0EB9E00064B637 /* ViewController2.m in Sources */ = {isa = PBXBuildFile; fileRef = 654B4B111D0EB9E00064B637 /* ViewController2.m */; };
		654DA17B1CE42CDC00CFF129 /* Storyboard2.storyboard in Resources */ = {isa = PBXBuildFile; fileRef = 654DA17A1CE42CDC00CFF129 /* Storyboard2.storyboard */; };
		654DA1811CE42D7800CFF129 /* Main_Sb2.m in Sources */ = {isa = PBXBuildFile; fileRef = 654DA1801CE42D7800CFF129 /* Main_Sb2.m */; };
		654DA1841CE46E3400CFF129 /* LaunchScreenVC.m in Sources */ = {isa = PBXBuildFile; fileRef = 654DA1831CE46E3400CFF129 /* LaunchScreenVC.m */; };
		657217D21CE2FCF600A04525 /* main.m in Sources */ = {isa = PBXBuildFile; fileRef = 657217D11CE2FCF500A04525 /* main.m */; };
		657217D51CE2FCF600A04525 /* AppDelegate.m in Sources */ = {isa = PBXBuildFile; fileRef = 657217D41CE2FCF600A04525 /* AppDelegate.m */; };
		657217D81CE2FCF600A04525 /* ViewController.m in Sources */ = {isa = PBXBuildFile; fileRef = 657217D71CE2FCF600A04525 /* ViewController.m */; };
		657217DB1CE2FCF600A04525 /* Main.storyboard in Resources */ = {isa = PBXBuildFile; fileRef = 657217D91CE2FCF600A04525 /* Main.storyboard */; };
		657217DD1CE2FCF600A04525 /* Assets.xcassets in Resources */ = {isa = PBXBuildFile; fileRef = 657217DC1CE2FCF600A04525 /* Assets.xcassets */; };
		657217E01CE2FCF600A04525 /* LaunchScreen.storyboard in Resources */ = {isa = PBXBuildFile; fileRef = 657217DE1CE2FCF600A04525 /* LaunchScreen.storyboard */; };
		657217EB1CE2FCF600A04525 /* TabBarTemplate_OCTests.m in Sources */ = {isa = PBXBuildFile; fileRef = 657217EA1CE2FCF600A04525 /* TabBarTemplate_OCTests.m */; };
		657217F61CE2FCF600A04525 /* TabBarTemplate_OCUITests.m in Sources */ = {isa = PBXBuildFile; fileRef = 657217F51CE2FCF600A04525 /* TabBarTemplate_OCUITests.m */; };
		6572180B1CE3198400A04525 /* AuxFileManage.m in Sources */ = {isa = PBXBuildFile; fileRef = 6572180A1CE3198400A04525 /* AuxFileManage.m */; };
		6572180E1CE31A1500A04525 /* AuxDBOperation.m in Sources */ = {isa = PBXBuildFile; fileRef = 6572180D1CE31A1500A04525 /* AuxDBOperation.m */; };
		657218131CE32FAF00A04525 /* BaseTabBarController.m in Sources */ = {isa = PBXBuildFile; fileRef = 657218111CE32FAF00A04525 /* BaseTabBarController.m */; };
		6590CC371D3F092A00FF1F07 /* SimplePresentationControll.m in Sources */ = {isa = PBXBuildFile; fileRef = 6590CC361D3F092A00FF1F07 /* SimplePresentationControll.m */; };
		6590CC3B1D3F246E00FF1F07 /* TestViewController.m in Sources */ = {isa = PBXBuildFile; fileRef = 6590CC391D3F246D00FF1F07 /* TestViewController.m */; };
		6590CC3C1D3F246E00FF1F07 /* TestViewController.xib in Resources */ = {isa = PBXBuildFile; fileRef = 6590CC3A1D3F246D00FF1F07 /* TestViewController.xib */; };
		6590CC481D3F5CBD00FF1F07 /* TestVCAnimatedTransitionController.m in Sources */ = {isa = PBXBuildFile; fileRef = 6590CC471D3F5CBD00FF1F07 /* TestVCAnimatedTransitionController.m */; };
		65B0E2CD1D34B600004F948C /* SB2_ViewController.m in Sources */ = {isa = PBXBuildFile; fileRef = 65B0E2CC1D34B5FF004F948C /* SB2_ViewController.m */; };
		65DA0F771CE570A300B64405 /* LaunchView.m in Sources */ = {isa = PBXBuildFile; fileRef = 65DA0F761CE570A300B64405 /* LaunchView.m */; };
		65DA0F7A1CE5735700B64405 /* DGAaimaView.m in Sources */ = {isa = PBXBuildFile; fileRef = 65DA0F791CE5735700B64405 /* DGAaimaView.m */; };
		65DA0F7D1CE573AC00B64405 /* DGEarthView.m in Sources */ = {isa = PBXBuildFile; fileRef = 65DA0F7C1CE573AC00B64405 /* DGEarthView.m */; };
		65EE41A31D3E13E60092C271 /* PanGestureInteractiveTransition.m in Sources */ = {isa = PBXBuildFile; fileRef = 65EE41A21D3E13E60092C271 /* PanGestureInteractiveTransition.m */; };
		65F504EB1D227885006C27BA /* LXNetworking.m in Sources */ = {isa = PBXBuildFile; fileRef = 65F504EA1D227885006C27BA /* LXNetworking.m */; };
/* End PBXBuildFile section */

/* Begin PBXContainerItemProxy section */
		657217E71CE2FCF600A04525 /* PBXContainerItemProxy */ = {
			isa = PBXContainerItemProxy;
			containerPortal = 657217C51CE2FCF500A04525 /* Project object */;
			proxyType = 1;
			remoteGlobalIDString = 657217CC1CE2FCF500A04525;
			remoteInfo = "TabBarTemplate-OC";
		};
		657217F21CE2FCF600A04525 /* PBXContainerItemProxy */ = {
			isa = PBXContainerItemProxy;
			containerPortal = 657217C51CE2FCF500A04525 /* Project object */;
			proxyType = 1;
			remoteGlobalIDString = 657217CC1CE2FCF500A04525;
			remoteInfo = "TabBarTemplate-OC";
		};
/* End PBXContainerItemProxy section */

/* Begin PBXFileReference section */
		519BF7C0CC0CC067CFFCD395 /* libPods.a */ = {isa = PBXFileReference; explicitFileType = archive.ar; includeInIndex = 0; path = libPods.a; sourceTree = BUILT_PRODUCTS_DIR; };
		650EB7CE1D3C7F3900BA4AD7 /* BaseAnimatedTransitioningControll.h */ = {isa = PBXFileReference; fileEncoding = 4; lastKnownFileType = sourcecode.c.h; path = BaseAnimatedTransitioningControll.h; sourceTree = "<group>"; };
		650EB7CF1D3C7F3900BA4AD7 /* BaseAnimatedTransitioningControll.m */ = {isa = PBXFileReference; fileEncoding = 4; lastKnownFileType = sourcecode.c.objc; path = BaseAnimatedTransitioningControll.m; sourceTree = "<group>"; };
		650EB7E71D3CAE7800BA4AD7 /* SimpleAnimatedControll.h */ = {isa = PBXFileReference; fileEncoding = 4; lastKnownFileType = sourcecode.c.h; path = SimpleAnimatedControll.h; sourceTree = "<group>"; };
		650EB7E81D3CAE7800BA4AD7 /* SimpleAnimatedControll.m */ = {isa = PBXFileReference; fileEncoding = 4; lastKnownFileType = sourcecode.c.objc; path = SimpleAnimatedControll.m; sourceTree = "<group>"; };
		650EB7EA1D3CC19D00BA4AD7 /* TwoPageControll.h */ = {isa = PBXFileReference; fileEncoding = 4; lastKnownFileType = sourcecode.c.h; path = TwoPageControll.h; sourceTree = "<group>"; };
		650EB7EB1D3CC19D00BA4AD7 /* TwoPageControll.m */ = {isa = PBXFileReference; fileEncoding = 4; lastKnownFileType = sourcecode.c.objc; path = TwoPageControll.m; sourceTree = "<group>"; };
		650EB7EE1D3CDC9500BA4AD7 /* Present2PageControll.h */ = {isa = PBXFileReference; fileEncoding = 4; lastKnownFileType = sourcecode.c.h; path = Present2PageControll.h; sourceTree = "<group>"; };
		650EB7EF1D3CDC9500BA4AD7 /* Present2PageControll.m */ = {isa = PBXFileReference; fileEncoding = 4; lastKnownFileType = sourcecode.c.objc; path = Present2PageControll.m; sourceTree = "<group>"; };
		654476B81D001503005659D5 /* UITableView+SDAutoTableViewCellHeight.h */ = {isa = PBXFileReference; fileEncoding = 4; lastKnownFileType = sourcecode.c.h; path = "UITableView+SDAutoTableViewCellHeight.h"; sourceTree = "<group>"; };
		654476B91D001503005659D5 /* UITableView+SDAutoTableViewCellHeight.m */ = {isa = PBXFileReference; fileEncoding = 4; lastKnownFileType = sourcecode.c.objc; path = "UITableView+SDAutoTableViewCellHeight.m"; sourceTree = "<group>"; };
		654476BA1D001503005659D5 /* UIView+SDAutoLayout.h */ = {isa = PBXFileReference; fileEncoding = 4; lastKnownFileType = sourcecode.c.h; path = "UIView+SDAutoLayout.h"; sourceTree = "<group>"; };
		654476BB1D001503005659D5 /* UIView+SDAutoLayout.m */ = {isa = PBXFileReference; fileEncoding = 4; lastKnownFileType = sourcecode.c.objc; path = "UIView+SDAutoLayout.m"; sourceTree = "<group>"; };
		654476BE1D00152E005659D5 /* Storyboard3.storyboard */ = {isa = PBXFileReference; fileEncoding = 4; lastKnownFileType = file.storyboard; path = Storyboard3.storyboard; sourceTree = "<group>"; };
		654476C01D0015AD005659D5 /* Main_ViewController.h */ = {isa = PBXFileReference; fileEncoding = 4; lastKnownFileType = sourcecode.c.h; path = Main_ViewController.h; sourceTree = "<group>"; };
		654476C11D0015AD005659D5 /* Main_ViewController.m */ = {isa = PBXFileReference; fileEncoding = 4; lastKnownFileType = sourcecode.c.objc; path = Main_ViewController.m; sourceTree = "<group>"; };
		654B4B101D0EB9E00064B637 /* ViewController2.h */ = {isa = PBXFileReference; fileEncoding = 4; lastKnownFileType = sourcecode.c.h; path = ViewController2.h; sourceTree = "<group>"; };
		654B4B111D0EB9E00064B637 /* ViewController2.m */ = {isa = PBXFileReference; fileEncoding = 4; lastKnownFileType = sourcecode.c.objc; path = ViewController2.m; sourceTree = "<group>"; };
		654DA17A1CE42CDC00CFF129 /* Storyboard2.storyboard */ = {isa = PBXFileReference; fileEncoding = 4; lastKnownFileType = file.storyboard; path = Storyboard2.storyboard; sourceTree = "<group>"; };
		654DA17F1CE42D7800CFF129 /* Main_Sb2.h */ = {isa = PBXFileReference; fileEncoding = 4; lastKnownFileType = sourcecode.c.h; path = Main_Sb2.h; sourceTree = "<group>"; };
		654DA1801CE42D7800CFF129 /* Main_Sb2.m */ = {isa = PBXFileReference; fileEncoding = 4; lastKnownFileType = sourcecode.c.objc; path = Main_Sb2.m; sourceTree = "<group>"; };
		654DA1821CE46E3400CFF129 /* LaunchScreenVC.h */ = {isa = PBXFileReference; fileEncoding = 4; lastKnownFileType = sourcecode.c.h; path = LaunchScreenVC.h; sourceTree = "<group>"; };
		654DA1831CE46E3400CFF129 /* LaunchScreenVC.m */ = {isa = PBXFileReference; fileEncoding = 4; lastKnownFileType = sourcecode.c.objc; path = LaunchScreenVC.m; sourceTree = "<group>"; };
		657217CD1CE2FCF500A04525 /* TabBarTemplate-OC.app */ = {isa = PBXFileReference; explicitFileType = wrapper.application; includeInIndex = 0; path = "TabBarTemplate-OC.app"; sourceTree = BUILT_PRODUCTS_DIR; };
		657217D11CE2FCF500A04525 /* main.m */ = {isa = PBXFileReference; lastKnownFileType = sourcecode.c.objc; path = main.m; sourceTree = "<group>"; };
		657217D31CE2FCF600A04525 /* AppDelegate.h */ = {isa = PBXFileReference; lastKnownFileType = sourcecode.c.h; path = AppDelegate.h; sourceTree = "<group>"; };
		657217D41CE2FCF600A04525 /* AppDelegate.m */ = {isa = PBXFileReference; lastKnownFileType = sourcecode.c.objc; path = AppDelegate.m; sourceTree = "<group>"; };
		657217D61CE2FCF600A04525 /* ViewController.h */ = {isa = PBXFileReference; lastKnownFileType = sourcecode.c.h; path = ViewController.h; sourceTree = "<group>"; };
		657217D71CE2FCF600A04525 /* ViewController.m */ = {isa = PBXFileReference; lastKnownFileType = sourcecode.c.objc; path = ViewController.m; sourceTree = "<group>"; };
		657217DA1CE2FCF600A04525 /* Base */ = {isa = PBXFileReference; lastKnownFileType = file.storyboard; name = Base; path = Base.lproj/Main.storyboard; sourceTree = "<group>"; };
		657217DC1CE2FCF600A04525 /* Assets.xcassets */ = {isa = PBXFileReference; lastKnownFileType = folder.assetcatalog; path = Assets.xcassets; sourceTree = "<group>"; };
		657217DF1CE2FCF600A04525 /* Base */ = {isa = PBXFileReference; lastKnownFileType = file.storyboard; name = Base; path = Base.lproj/LaunchScreen.storyboard; sourceTree = "<group>"; };
		657217E11CE2FCF600A04525 /* Info.plist */ = {isa = PBXFileReference; lastKnownFileType = text.plist.xml; path = Info.plist; sourceTree = "<group>"; };
		657217E61CE2FCF600A04525 /* TabBarTemplate-OCTests.xctest */ = {isa = PBXFileReference; explicitFileType = wrapper.cfbundle; includeInIndex = 0; path = "TabBarTemplate-OCTests.xctest"; sourceTree = BUILT_PRODUCTS_DIR; };
		657217EA1CE2FCF600A04525 /* TabBarTemplate_OCTests.m */ = {isa = PBXFileReference; lastKnownFileType = sourcecode.c.objc; path = TabBarTemplate_OCTests.m; sourceTree = "<group>"; };
		657217EC1CE2FCF600A04525 /* Info.plist */ = {isa = PBXFileReference; lastKnownFileType = text.plist.xml; path = Info.plist; sourceTree = "<group>"; };
		657217F11CE2FCF600A04525 /* TabBarTemplate-OCUITests.xctest */ = {isa = PBXFileReference; explicitFileType = wrapper.cfbundle; includeInIndex = 0; path = "TabBarTemplate-OCUITests.xctest"; sourceTree = BUILT_PRODUCTS_DIR; };
		657217F51CE2FCF600A04525 /* TabBarTemplate_OCUITests.m */ = {isa = PBXFileReference; lastKnownFileType = sourcecode.c.objc; path = TabBarTemplate_OCUITests.m; sourceTree = "<group>"; };
		657217F71CE2FCF600A04525 /* Info.plist */ = {isa = PBXFileReference; lastKnownFileType = text.plist.xml; path = Info.plist; sourceTree = "<group>"; };
		657218051CE3018D00A04525 /* PrefixHeader.pch */ = {isa = PBXFileReference; lastKnownFileType = sourcecode.c.h; path = PrefixHeader.pch; sourceTree = "<group>"; };
		657218091CE3198400A04525 /* AuxFileManage.h */ = {isa = PBXFileReference; fileEncoding = 4; lastKnownFileType = sourcecode.c.h; path = AuxFileManage.h; sourceTree = "<group>"; };
		6572180A1CE3198400A04525 /* AuxFileManage.m */ = {isa = PBXFileReference; fileEncoding = 4; lastKnownFileType = sourcecode.c.objc; path = AuxFileManage.m; sourceTree = "<group>"; };
		6572180C1CE31A1500A04525 /* AuxDBOperation.h */ = {isa = PBXFileReference; fileEncoding = 4; lastKnownFileType = sourcecode.c.h; path = AuxDBOperation.h; sourceTree = "<group>"; };
		6572180D1CE31A1500A04525 /* AuxDBOperation.m */ = {isa = PBXFileReference; fileEncoding = 4; lastKnownFileType = sourcecode.c.objc; path = AuxDBOperation.m; sourceTree = "<group>"; };
		657218101CE32FAF00A04525 /* BaseTabBarController.h */ = {isa = PBXFileReference; fileEncoding = 4; lastKnownFileType = sourcecode.c.h; path = BaseTabBarController.h; sourceTree = "<group>"; };
		657218111CE32FAF00A04525 /* BaseTabBarController.m */ = {isa = PBXFileReference; fileEncoding = 4; lastKnownFileType = sourcecode.c.objc; path = BaseTabBarController.m; sourceTree = "<group>"; };
		6590CC351D3F092A00FF1F07 /* SimplePresentationControll.h */ = {isa = PBXFileReference; fileEncoding = 4; lastKnownFileType = sourcecode.c.h; path = SimplePresentationControll.h; sourceTree = "<group>"; };
		6590CC361D3F092A00FF1F07 /* SimplePresentationControll.m */ = {isa = PBXFileReference; fileEncoding = 4; lastKnownFileType = sourcecode.c.objc; path = SimplePresentationControll.m; sourceTree = "<group>"; };
		6590CC381D3F246D00FF1F07 /* TestViewController.h */ = {isa = PBXFileReference; fileEncoding = 4; lastKnownFileType = sourcecode.c.h; path = TestViewController.h; sourceTree = "<group>"; };
		6590CC391D3F246D00FF1F07 /* TestViewController.m */ = {isa = PBXFileReference; fileEncoding = 4; lastKnownFileType = sourcecode.c.objc; path = TestViewController.m; sourceTree = "<group>"; };
		6590CC3A1D3F246D00FF1F07 /* TestViewController.xib */ = {isa = PBXFileReference; fileEncoding = 4; lastKnownFileType = file.xib; path = TestViewController.xib; sourceTree = "<group>"; };
		6590CC451D3F51AB00FF1F07 /* DismissViewControllerProtocol.h */ = {isa = PBXFileReference; fileEncoding = 4; lastKnownFileType = sourcecode.c.h; path = DismissViewControllerProtocol.h; sourceTree = "<group>"; };
		6590CC461D3F5CBD00FF1F07 /* TestVCAnimatedTransitionController.h */ = {isa = PBXFileReference; fileEncoding = 4; lastKnownFileType = sourcecode.c.h; path = TestVCAnimatedTransitionController.h; sourceTree = "<group>"; };
		6590CC471D3F5CBD00FF1F07 /* TestVCAnimatedTransitionController.m */ = {isa = PBXFileReference; fileEncoding = 4; lastKnownFileType = sourcecode.c.objc; path = TestVCAnimatedTransitionController.m; sourceTree = "<group>"; };
		65B0E2CB1D34B5FF004F948C /* SB2_ViewController.h */ = {isa = PBXFileReference; fileEncoding = 4; lastKnownFileType = sourcecode.c.h; path = SB2_ViewController.h; sourceTree = "<group>"; };
		65B0E2CC1D34B5FF004F948C /* SB2_ViewController.m */ = {isa = PBXFileReference; fileEncoding = 4; lastKnownFileType = sourcecode.c.objc; path = SB2_ViewController.m; sourceTree = "<group>"; };
		65C0C7CB48310F60588FD2CE /* Pods.debug.xcconfig */ = {isa = PBXFileReference; includeInIndex = 1; lastKnownFileType = text.xcconfig; name = Pods.debug.xcconfig; path = "Pods/Target Support Files/Pods/Pods.debug.xcconfig"; sourceTree = "<group>"; };
		65DA0F751CE570A300B64405 /* LaunchView.h */ = {isa = PBXFileReference; fileEncoding = 4; lastKnownFileType = sourcecode.c.h; path = LaunchView.h; sourceTree = "<group>"; };
		65DA0F761CE570A300B64405 /* LaunchView.m */ = {isa = PBXFileReference; fileEncoding = 4; lastKnownFileType = sourcecode.c.objc; path = LaunchView.m; sourceTree = "<group>"; };
		65DA0F781CE5735700B64405 /* DGAaimaView.h */ = {isa = PBXFileReference; fileEncoding = 4; lastKnownFileType = sourcecode.c.h; path = DGAaimaView.h; sourceTree = "<group>"; };
		65DA0F791CE5735700B64405 /* DGAaimaView.m */ = {isa = PBXFileReference; fileEncoding = 4; lastKnownFileType = sourcecode.c.objc; path = DGAaimaView.m; sourceTree = "<group>"; };
		65DA0F7B1CE573AC00B64405 /* DGEarthView.h */ = {isa = PBXFileReference; fileEncoding = 4; lastKnownFileType = sourcecode.c.h; path = DGEarthView.h; sourceTree = "<group>"; };
		65DA0F7C1CE573AC00B64405 /* DGEarthView.m */ = {isa = PBXFileReference; fileEncoding = 4; lastKnownFileType = sourcecode.c.objc; path = DGEarthView.m; sourceTree = "<group>"; };
		65EE41A11D3E13E60092C271 /* PanGestureInteractiveTransition.h */ = {isa = PBXFileReference; fileEncoding = 4; lastKnownFileType = sourcecode.c.h; path = PanGestureInteractiveTransition.h; sourceTree = "<group>"; };
		65EE41A21D3E13E60092C271 /* PanGestureInteractiveTransition.m */ = {isa = PBXFileReference; fileEncoding = 4; lastKnownFileType = sourcecode.c.objc; path = PanGestureInteractiveTransition.m; sourceTree = "<group>"; };
		65F504E91D227885006C27BA /* LXNetworking.h */ = {isa = PBXFileReference; fileEncoding = 4; lastKnownFileType = sourcecode.c.h; path = LXNetworking.h; sourceTree = "<group>"; };
		65F504EA1D227885006C27BA /* LXNetworking.m */ = {isa = PBXFileReference; fileEncoding = 4; lastKnownFileType = sourcecode.c.objc; path = LXNetworking.m; sourceTree = "<group>"; };
		E86B0DC0BFA16633F41AF06E /* Pods.release.xcconfig */ = {isa = PBXFileReference; includeInIndex = 1; lastKnownFileType = text.xcconfig; name = Pods.release.xcconfig; path = "Pods/Target Support Files/Pods/Pods.release.xcconfig"; sourceTree = "<group>"; };
/* End PBXFileReference section */

/* Begin PBXFrameworksBuildPhase section */
		657217CA1CE2FCF500A04525 /* Frameworks */ = {
			isa = PBXFrameworksBuildPhase;
			buildActionMask = 2147483647;
			files = (
				4CBB0CC385953B2A0AA9B89B /* libPods.a in Frameworks */,
			);
			runOnlyForDeploymentPostprocessing = 0;
		};
		657217E31CE2FCF600A04525 /* Frameworks */ = {
			isa = PBXFrameworksBuildPhase;
			buildActionMask = 2147483647;
			files = (
			);
			runOnlyForDeploymentPostprocessing = 0;
		};
		657217EE1CE2FCF600A04525 /* Frameworks */ = {
			isa = PBXFrameworksBuildPhase;
			buildActionMask = 2147483647;
			files = (
			);
			runOnlyForDeploymentPostprocessing = 0;
		};
/* End PBXFrameworksBuildPhase section */

/* Begin PBXGroup section */
		20F3C005D28072D0F349264D /* Pods */ = {
			isa = PBXGroup;
			children = (
				65C0C7CB48310F60588FD2CE /* Pods.debug.xcconfig */,
				E86B0DC0BFA16633F41AF06E /* Pods.release.xcconfig */,
			);
			name = Pods;
			sourceTree = "<group>";
		};
		650EB7CD1D3C76D800BA4AD7 /* AnimationControllers */ = {
			isa = PBXGroup;
			children = (
				650EB7CE1D3C7F3900BA4AD7 /* BaseAnimatedTransitioningControll.h */,
				650EB7CF1D3C7F3900BA4AD7 /* BaseAnimatedTransitioningControll.m */,
				650EB7E71D3CAE7800BA4AD7 /* SimpleAnimatedControll.h */,
				650EB7E81D3CAE7800BA4AD7 /* SimpleAnimatedControll.m */,
				650EB7EA1D3CC19D00BA4AD7 /* TwoPageControll.h */,
				650EB7EB1D3CC19D00BA4AD7 /* TwoPageControll.m */,
				6590CC461D3F5CBD00FF1F07 /* TestVCAnimatedTransitionController.h */,
				6590CC471D3F5CBD00FF1F07 /* TestVCAnimatedTransitionController.m */,
			);
			name = AnimationControllers;
			sourceTree = "<group>";
		};
		650EB7ED1D3CDA9400BA4AD7 /* PresentationController */ = {
			isa = PBXGroup;
			children = (
				650EB7EE1D3CDC9500BA4AD7 /* Present2PageControll.h */,
				650EB7EF1D3CDC9500BA4AD7 /* Present2PageControll.m */,
				6590CC351D3F092A00FF1F07 /* SimplePresentationControll.h */,
				6590CC361D3F092A00FF1F07 /* SimplePresentationControll.m */,
			);
			name = PresentationController;
			sourceTree = "<group>";
		};
		654476B71D001503005659D5 /* SDAutoLayout */ = {
			isa = PBXGroup;
			children = (
				654476B81D001503005659D5 /* UITableView+SDAutoTableViewCellHeight.h */,
				654476B91D001503005659D5 /* UITableView+SDAutoTableViewCellHeight.m */,
				654476BA1D001503005659D5 /* UIView+SDAutoLayout.h */,
				654476BB1D001503005659D5 /* UIView+SDAutoLayout.m */,
			);
			path = SDAutoLayout;
			sourceTree = "<group>";
		};
		654DA1771CE42C8800CFF129 /* storyboard1 */ = {
			isa = PBXGroup;
			children = (
				657217D61CE2FCF600A04525 /* ViewController.h */,
				657217D71CE2FCF600A04525 /* ViewController.m */,
				657217D91CE2FCF600A04525 /* Main.storyboard */,
				654B4B101D0EB9E00064B637 /* ViewController2.h */,
				654B4B111D0EB9E00064B637 /* ViewController2.m */,
			);
			name = storyboard1;
			sourceTree = "<group>";
		};
		654DA1781CE42CAB00CFF129 /* storyboard2 */ = {
			isa = PBXGroup;
			children = (
				654DA17A1CE42CDC00CFF129 /* Storyboard2.storyboard */,
				654DA17F1CE42D7800CFF129 /* Main_Sb2.h */,
				654DA1801CE42D7800CFF129 /* Main_Sb2.m */,
				65B0E2CB1D34B5FF004F948C /* SB2_ViewController.h */,
				65B0E2CC1D34B5FF004F948C /* SB2_ViewController.m */,
				6590CC381D3F246D00FF1F07 /* TestViewController.h */,
				6590CC391D3F246D00FF1F07 /* TestViewController.m */,
				6590CC3A1D3F246D00FF1F07 /* TestViewController.xib */,
			);
			name = storyboard2;
			sourceTree = "<group>";
		};
		654DA1791CE42CB500CFF129 /* storyboard3 */ = {
			isa = PBXGroup;
			children = (
				654476BE1D00152E005659D5 /* Storyboard3.storyboard */,
				654476C01D0015AD005659D5 /* Main_ViewController.h */,
				654476C11D0015AD005659D5 /* Main_ViewController.m */,
			);
			name = storyboard3;
			sourceTree = "<group>";
		};
		654DA1851CE46E5100CFF129 /* Views */ = {
			isa = PBXGroup;
			children = (
				65DA0F7B1CE573AC00B64405 /* DGEarthView.h */,
				65DA0F7C1CE573AC00B64405 /* DGEarthView.m */,
				65DA0F781CE5735700B64405 /* DGAaimaView.h */,
				65DA0F791CE5735700B64405 /* DGAaimaView.m */,
				65DA0F751CE570A300B64405 /* LaunchView.h */,
				65DA0F761CE570A300B64405 /* LaunchView.m */,
			);
			name = Views;
			sourceTree = "<group>";
		};
		657217C41CE2FCF500A04525 = {
			isa = PBXGroup;
			children = (
				657217CF1CE2FCF500A04525 /* TabBarTemplate-OC */,
				657217E91CE2FCF600A04525 /* TabBarTemplate-OCTests */,
				657217F41CE2FCF600A04525 /* TabBarTemplate-OCUITests */,
				657217CE1CE2FCF500A04525 /* Products */,
				657218031CE2FE7500A04525 /* Frameworks */,
				20F3C005D28072D0F349264D /* Pods */,
			);
			sourceTree = "<group>";
		};
		657217CE1CE2FCF500A04525 /* Products */ = {
			isa = PBXGroup;
			children = (
				657217CD1CE2FCF500A04525 /* TabBarTemplate-OC.app */,
				657217E61CE2FCF600A04525 /* TabBarTemplate-OCTests.xctest */,
				657217F11CE2FCF600A04525 /* TabBarTemplate-OCUITests.xctest */,
			);
			name = Products;
			sourceTree = "<group>";
		};
		657217CF1CE2FCF500A04525 /* TabBarTemplate-OC */ = {
			isa = PBXGroup;
			children = (
				6590CC3D1D3F4E7600FF1F07 /* Protocol */,
				65EE41A01D3E117F0092C271 /* InteractionControllers */,
				650EB7ED1D3CDA9400BA4AD7 /* PresentationController */,
				650EB7CD1D3C76D800BA4AD7 /* AnimationControllers */,
				654DA1851CE46E5100CFF129 /* Views */,
				654DA1791CE42CB500CFF129 /* storyboard3 */,
				654DA1781CE42CAB00CFF129 /* storyboard2 */,
				654DA1771CE42C8800CFF129 /* storyboard1 */,
				6572180F1CE32EBA00A04525 /* Controllers */,
				657218071CE3049600A04525 /* Utils */,
				657218061CE302BC00A04525 /* 3rdLibs */,
				657217D31CE2FCF600A04525 /* AppDelegate.h */,
				657217D41CE2FCF600A04525 /* AppDelegate.m */,
				657217DC1CE2FCF600A04525 /* Assets.xcassets */,
				657217DE1CE2FCF600A04525 /* LaunchScreen.storyboard */,
				654DA1821CE46E3400CFF129 /* LaunchScreenVC.h */,
				654DA1831CE46E3400CFF129 /* LaunchScreenVC.m */,
				657217E11CE2FCF600A04525 /* Info.plist */,
				657217D01CE2FCF500A04525 /* Supporting Files */,
			);
			path = "TabBarTemplate-OC";
			sourceTree = "<group>";
		};
		657217D01CE2FCF500A04525 /* Supporting Files */ = {
			isa = PBXGroup;
			children = (
				657217D11CE2FCF500A04525 /* main.m */,
				657218051CE3018D00A04525 /* PrefixHeader.pch */,
			);
			name = "Supporting Files";
			sourceTree = "<group>";
		};
		657217E91CE2FCF600A04525 /* TabBarTemplate-OCTests */ = {
			isa = PBXGroup;
			children = (
				657217EA1CE2FCF600A04525 /* TabBarTemplate_OCTests.m */,
				657217EC1CE2FCF600A04525 /* Info.plist */,
			);
			path = "TabBarTemplate-OCTests";
			sourceTree = "<group>";
		};
		657217F41CE2FCF600A04525 /* TabBarTemplate-OCUITests */ = {
			isa = PBXGroup;
			children = (
				657217F51CE2FCF600A04525 /* TabBarTemplate_OCUITests.m */,
				657217F71CE2FCF600A04525 /* Info.plist */,
			);
			path = "TabBarTemplate-OCUITests";
			sourceTree = "<group>";
		};
		657218031CE2FE7500A04525 /* Frameworks */ = {
			isa = PBXGroup;
			children = (
				519BF7C0CC0CC067CFFCD395 /* libPods.a */,
			);
			name = Frameworks;
			sourceTree = "<group>";
		};
		657218061CE302BC00A04525 /* 3rdLibs */ = {
			isa = PBXGroup;
			children = (
				654476B71D001503005659D5 /* SDAutoLayout */,
			);
			name = 3rdLibs;
			sourceTree = "<group>";
		};
		657218071CE3049600A04525 /* Utils */ = {
			isa = PBXGroup;
			children = (
				65F504E91D227885006C27BA /* LXNetworking.h */,
				65F504EA1D227885006C27BA /* LXNetworking.m */,
				657218091CE3198400A04525 /* AuxFileManage.h */,
				6572180A1CE3198400A04525 /* AuxFileManage.m */,
				6572180C1CE31A1500A04525 /* AuxDBOperation.h */,
				6572180D1CE31A1500A04525 /* AuxDBOperation.m */,
			);
			name = Utils;
			sourceTree = "<group>";
		};
		6572180F1CE32EBA00A04525 /* Controllers */ = {
			isa = PBXGroup;
			children = (
				657218101CE32FAF00A04525 /* BaseTabBarController.h */,
				657218111CE32FAF00A04525 /* BaseTabBarController.m */,
			);
			name = Controllers;
			sourceTree = "<group>";
		};
		6590CC3D1D3F4E7600FF1F07 /* Protocol */ = {
			isa = PBXGroup;
			children = (
				6590CC451D3F51AB00FF1F07 /* DismissViewControllerProtocol.h */,
			);
			name = Protocol;
			sourceTree = "<group>";
		};
		65EE41A01D3E117F0092C271 /* InteractionControllers */ = {
			isa = PBXGroup;
			children = (
				65EE41A11D3E13E60092C271 /* PanGestureInteractiveTransition.h */,
				65EE41A21D3E13E60092C271 /* PanGestureInteractiveTransition.m */,
			);
			name = InteractionControllers;
			sourceTree = "<group>";
		};
/* End PBXGroup section */

/* Begin PBXNativeTarget section */
		657217CC1CE2FCF500A04525 /* TabBarTemplate-OC */ = {
			isa = PBXNativeTarget;
			buildConfigurationList = 657217FA1CE2FCF600A04525 /* Build configuration list for PBXNativeTarget "TabBarTemplate-OC" */;
			buildPhases = (
				57FF7EF08E0776FF29201399 /* Check Pods Manifest.lock */,
				657217C91CE2FCF500A04525 /* Sources */,
				657217CA1CE2FCF500A04525 /* Frameworks */,
				657217CB1CE2FCF500A04525 /* Resources */,
				2742B87BFC014EB8A6EA165F /* Embed Pods Frameworks */,
				82C99AB70A84EE817ACFBB72 /* Copy Pods Resources */,
			);
			buildRules = (
			);
			dependencies = (
			);
			name = "TabBarTemplate-OC";
			productName = "TabBarTemplate-OC";
			productReference = 657217CD1CE2FCF500A04525 /* TabBarTemplate-OC.app */;
			productType = "com.apple.product-type.application";
		};
		657217E51CE2FCF600A04525 /* TabBarTemplate-OCTests */ = {
			isa = PBXNativeTarget;
			buildConfigurationList = 657217FD1CE2FCF600A04525 /* Build configuration list for PBXNativeTarget "TabBarTemplate-OCTests" */;
			buildPhases = (
				657217E21CE2FCF600A04525 /* Sources */,
				657217E31CE2FCF600A04525 /* Frameworks */,
				657217E41CE2FCF600A04525 /* Resources */,
			);
			buildRules = (
			);
			dependencies = (
				657217E81CE2FCF600A04525 /* PBXTargetDependency */,
			);
			name = "TabBarTemplate-OCTests";
			productName = "TabBarTemplate-OCTests";
			productReference = 657217E61CE2FCF600A04525 /* TabBarTemplate-OCTests.xctest */;
			productType = "com.apple.product-type.bundle.unit-test";
		};
		657217F01CE2FCF600A04525 /* TabBarTemplate-OCUITests */ = {
			isa = PBXNativeTarget;
			buildConfigurationList = 657218001CE2FCF600A04525 /* Build configuration list for PBXNativeTarget "TabBarTemplate-OCUITests" */;
			buildPhases = (
				657217ED1CE2FCF600A04525 /* Sources */,
				657217EE1CE2FCF600A04525 /* Frameworks */,
				657217EF1CE2FCF600A04525 /* Resources */,
			);
			buildRules = (
			);
			dependencies = (
				657217F31CE2FCF600A04525 /* PBXTargetDependency */,
			);
			name = "TabBarTemplate-OCUITests";
			productName = "TabBarTemplate-OCUITests";
			productReference = 657217F11CE2FCF600A04525 /* TabBarTemplate-OCUITests.xctest */;
			productType = "com.apple.product-type.bundle.ui-testing";
		};
/* End PBXNativeTarget section */

/* Begin PBXProject section */
		657217C51CE2FCF500A04525 /* Project object */ = {
			isa = PBXProject;
			attributes = {
				CLASSPREFIX = SJL;
				LastUpgradeCheck = 0730;
				ORGANIZATIONNAME = suojl;
				TargetAttributes = {
					657217CC1CE2FCF500A04525 = {
						CreatedOnToolsVersion = 7.3;
					};
					657217E51CE2FCF600A04525 = {
						CreatedOnToolsVersion = 7.3;
						TestTargetID = 657217CC1CE2FCF500A04525;
					};
					657217F01CE2FCF600A04525 = {
						CreatedOnToolsVersion = 7.3;
						TestTargetID = 657217CC1CE2FCF500A04525;
					};
				};
			};
			buildConfigurationList = 657217C81CE2FCF500A04525 /* Build configuration list for PBXProject "TabBarTemplate-OC" */;
			compatibilityVersion = "Xcode 3.2";
			developmentRegion = English;
			hasScannedForEncodings = 0;
			knownRegions = (
				en,
				Base,
			);
			mainGroup = 657217C41CE2FCF500A04525;
			productRefGroup = 657217CE1CE2FCF500A04525 /* Products */;
			projectDirPath = "";
			projectRoot = "";
			targets = (
				657217CC1CE2FCF500A04525 /* TabBarTemplate-OC */,
				657217E51CE2FCF600A04525 /* TabBarTemplate-OCTests */,
				657217F01CE2FCF600A04525 /* TabBarTemplate-OCUITests */,
			);
		};
/* End PBXProject section */

/* Begin PBXResourcesBuildPhase section */
		657217CB1CE2FCF500A04525 /* Resources */ = {
			isa = PBXResourcesBuildPhase;
			buildActionMask = 2147483647;
			files = (
				654DA17B1CE42CDC00CFF129 /* Storyboard2.storyboard in Resources */,
				654476BF1D00152E005659D5 /* Storyboard3.storyboard in Resources */,
				657217E01CE2FCF600A04525 /* LaunchScreen.storyboard in Resources */,
				657217DD1CE2FCF600A04525 /* Assets.xcassets in Resources */,
				6590CC3C1D3F246E00FF1F07 /* TestViewController.xib in Resources */,
				657217DB1CE2FCF600A04525 /* Main.storyboard in Resources */,
			);
			runOnlyForDeploymentPostprocessing = 0;
		};
		657217E41CE2FCF600A04525 /* Resources */ = {
			isa = PBXResourcesBuildPhase;
			buildActionMask = 2147483647;
			files = (
			);
			runOnlyForDeploymentPostprocessing = 0;
		};
		657217EF1CE2FCF600A04525 /* Resources */ = {
			isa = PBXResourcesBuildPhase;
			buildActionMask = 2147483647;
			files = (
			);
			runOnlyForDeploymentPostprocessing = 0;
		};
/* End PBXResourcesBuildPhase section */

/* Begin PBXShellScriptBuildPhase section */
		2742B87BFC014EB8A6EA165F /* Embed Pods Frameworks */ = {
			isa = PBXShellScriptBuildPhase;
			buildActionMask = 2147483647;
			files = (
			);
			inputPaths = (
			);
			name = "Embed Pods Frameworks";
			outputPaths = (
			);
			runOnlyForDeploymentPostprocessing = 0;
			shellPath = /bin/sh;
			shellScript = "\"${SRCROOT}/Pods/Target Support Files/Pods/Pods-frameworks.sh\"\n";
			showEnvVarsInLog = 0;
		};
		57FF7EF08E0776FF29201399 /* Check Pods Manifest.lock */ = {
			isa = PBXShellScriptBuildPhase;
			buildActionMask = 2147483647;
			files = (
			);
			inputPaths = (
			);
			name = "Check Pods Manifest.lock";
			outputPaths = (
			);
			runOnlyForDeploymentPostprocessing = 0;
			shellPath = /bin/sh;
			shellScript = "diff \"${PODS_ROOT}/../Podfile.lock\" \"${PODS_ROOT}/Manifest.lock\" > /dev/null\nif [[ $? != 0 ]] ; then\n    cat << EOM\nerror: The sandbox is not in sync with the Podfile.lock. Run 'pod install' or update your CocoaPods installation.\nEOM\n    exit 1\nfi\n";
			showEnvVarsInLog = 0;
		};
		82C99AB70A84EE817ACFBB72 /* Copy Pods Resources */ = {
			isa = PBXShellScriptBuildPhase;
			buildActionMask = 2147483647;
			files = (
			);
			inputPaths = (
			);
			name = "Copy Pods Resources";
			outputPaths = (
			);
			runOnlyForDeploymentPostprocessing = 0;
			shellPath = /bin/sh;
			shellScript = "\"${SRCROOT}/Pods/Target Support Files/Pods/Pods-resources.sh\"\n";
			showEnvVarsInLog = 0;
		};
/* End PBXShellScriptBuildPhase section */

/* Begin PBXSourcesBuildPhase section */
		657217C91CE2FCF500A04525 /* Sources */ = {
			isa = PBXSourcesBuildPhase;
			buildActionMask = 2147483647;
			files = (
				65B0E2CD1D34B600004F948C /* SB2_ViewController.m in Sources */,
				654DA1811CE42D7800CFF129 /* Main_Sb2.m in Sources */,
				65DA0F7D1CE573AC00B64405 /* DGEarthView.m in Sources */,
				654B4B121D0EB9E00064B637 /* ViewController2.m in Sources */,
				65DA0F771CE570A300B64405 /* LaunchView.m in Sources */,
				6590CC481D3F5CBD00FF1F07 /* TestVCAnimatedTransitionController.m in Sources */,
				657217D81CE2FCF600A04525 /* ViewController.m in Sources */,
				6590CC3B1D3F246E00FF1F07 /* TestViewController.m in Sources */,
				65F504EB1D227885006C27BA /* LXNetworking.m in Sources */,
				650EB7E91D3CAE7800BA4AD7 /* SimpleAnimatedControll.m in Sources */,
				6572180E1CE31A1500A04525 /* AuxDBOperation.m in Sources */,
				6572180B1CE3198400A04525 /* AuxFileManage.m in Sources */,
				65DA0F7A1CE5735700B64405 /* DGAaimaView.m in Sources */,
				657217D51CE2FCF600A04525 /* AppDelegate.m in Sources */,
				650EB7EC1D3CC19D00BA4AD7 /* TwoPageControll.m in Sources */,
				657218131CE32FAF00A04525 /* BaseTabBarController.m in Sources */,
				650EB7D01D3C7F3900BA4AD7 /* BaseAnimatedTransitioningControll.m in Sources */,
				650EB7F01D3CDC9500BA4AD7 /* Present2PageControll.m in Sources */,
				657217D21CE2FCF600A04525 /* main.m in Sources */,
				654476BD1D001503005659D5 /* UIView+SDAutoLayout.m in Sources */,
				654476C21D0015AD005659D5 /* Main_ViewController.m in Sources */,
				65EE41A31D3E13E60092C271 /* PanGestureInteractiveTransition.m in Sources */,
				6590CC371D3F092A00FF1F07 /* SimplePresentationControll.m in Sources */,
				654476BC1D001503005659D5 /* UITableView+SDAutoTableViewCellHeight.m in Sources */,
				654DA1841CE46E3400CFF129 /* LaunchScreenVC.m in Sources */,
			);
			runOnlyForDeploymentPostprocessing = 0;
		};
		657217E21CE2FCF600A04525 /* Sources */ = {
			isa = PBXSourcesBuildPhase;
			buildActionMask = 2147483647;
			files = (
				657217EB1CE2FCF600A04525 /* TabBarTemplate_OCTests.m in Sources */,
			);
			runOnlyForDeploymentPostprocessing = 0;
		};
		657217ED1CE2FCF600A04525 /* Sources */ = {
			isa = PBXSourcesBuildPhase;
			buildActionMask = 2147483647;
			files = (
				657217F61CE2FCF600A04525 /* TabBarTemplate_OCUITests.m in Sources */,
			);
			runOnlyForDeploymentPostprocessing = 0;
		};
/* End PBXSourcesBuildPhase section */

/* Begin PBXTargetDependency section */
		657217E81CE2FCF600A04525 /* PBXTargetDependency */ = {
			isa = PBXTargetDependency;
			target = 657217CC1CE2FCF500A04525 /* TabBarTemplate-OC */;
			targetProxy = 657217E71CE2FCF600A04525 /* PBXContainerItemProxy */;
		};
		657217F31CE2FCF600A04525 /* PBXTargetDependency */ = {
			isa = PBXTargetDependency;
			target = 657217CC1CE2FCF500A04525 /* TabBarTemplate-OC */;
			targetProxy = 657217F21CE2FCF600A04525 /* PBXContainerItemProxy */;
		};
/* End PBXTargetDependency section */

/* Begin PBXVariantGroup section */
		657217D91CE2FCF600A04525 /* Main.storyboard */ = {
			isa = PBXVariantGroup;
			children = (
				657217DA1CE2FCF600A04525 /* Base */,
			);
			name = Main.storyboard;
			sourceTree = "<group>";
		};
		657217DE1CE2FCF600A04525 /* LaunchScreen.storyboard */ = {
			isa = PBXVariantGroup;
			children = (
				657217DF1CE2FCF600A04525 /* Base */,
			);
			name = LaunchScreen.storyboard;
			sourceTree = "<group>";
		};
/* End PBXVariantGroup section */

/* Begin XCBuildConfiguration section */
		657217F81CE2FCF600A04525 /* Debug */ = {
			isa = XCBuildConfiguration;
			buildSettings = {
				ALWAYS_SEARCH_USER_PATHS = NO;
				CLANG_ANALYZER_NONNULL = YES;
				CLANG_CXX_LANGUAGE_STANDARD = "gnu++0x";
				CLANG_CXX_LIBRARY = "libc++";
				CLANG_ENABLE_MODULES = YES;
				CLANG_ENABLE_OBJC_ARC = YES;
				CLANG_WARN_BOOL_CONVERSION = YES;
				CLANG_WARN_CONSTANT_CONVERSION = YES;
				CLANG_WARN_DIRECT_OBJC_ISA_USAGE = YES_ERROR;
				CLANG_WARN_EMPTY_BODY = YES;
				CLANG_WARN_ENUM_CONVERSION = YES;
				CLANG_WARN_INT_CONVERSION = YES;
				CLANG_WARN_OBJC_ROOT_CLASS = YES_ERROR;
				CLANG_WARN_UNREACHABLE_CODE = YES;
				CLANG_WARN__DUPLICATE_METHOD_MATCH = YES;
				"CODE_SIGN_IDENTITY[sdk=iphoneos*]" = "iPhone Developer";
				COPY_PHASE_STRIP = NO;
				DEBUG_INFORMATION_FORMAT = dwarf;
				ENABLE_STRICT_OBJC_MSGSEND = YES;
				ENABLE_TESTABILITY = YES;
				GCC_C_LANGUAGE_STANDARD = gnu99;
				GCC_DYNAMIC_NO_PIC = NO;
				GCC_NO_COMMON_BLOCKS = YES;
				GCC_OPTIMIZATION_LEVEL = 0;
				GCC_PREPROCESSOR_DEFINITIONS = (
					"DEBUG=1",
					"$(inherited)",
				);
				GCC_WARN_64_TO_32_BIT_CONVERSION = YES;
				GCC_WARN_ABOUT_RETURN_TYPE = YES_ERROR;
				GCC_WARN_UNDECLARED_SELECTOR = YES;
				GCC_WARN_UNINITIALIZED_AUTOS = YES_AGGRESSIVE;
				GCC_WARN_UNUSED_FUNCTION = YES;
				GCC_WARN_UNUSED_VARIABLE = YES;
				IPHONEOS_DEPLOYMENT_TARGET = 9.3;
				MTL_ENABLE_DEBUG_INFO = YES;
				ONLY_ACTIVE_ARCH = YES;
				SDKROOT = iphoneos;
				TARGETED_DEVICE_FAMILY = "1,2";
			};
			name = Debug;
		};
		657217F91CE2FCF600A04525 /* Release */ = {
			isa = XCBuildConfiguration;
			buildSettings = {
				ALWAYS_SEARCH_USER_PATHS = NO;
				CLANG_ANALYZER_NONNULL = YES;
				CLANG_CXX_LANGUAGE_STANDARD = "gnu++0x";
				CLANG_CXX_LIBRARY = "libc++";
				CLANG_ENABLE_MODULES = YES;
				CLANG_ENABLE_OBJC_ARC = YES;
				CLANG_WARN_BOOL_CONVERSION = YES;
				CLANG_WARN_CONSTANT_CONVERSION = YES;
				CLANG_WARN_DIRECT_OBJC_ISA_USAGE = YES_ERROR;
				CLANG_WARN_EMPTY_BODY = YES;
				CLANG_WARN_ENUM_CONVERSION = YES;
				CLANG_WARN_INT_CONVERSION = YES;
				CLANG_WARN_OBJC_ROOT_CLASS = YES_ERROR;
				CLANG_WARN_UNREACHABLE_CODE = YES;
				CLANG_WARN__DUPLICATE_METHOD_MATCH = YES;
				"CODE_SIGN_IDENTITY[sdk=iphoneos*]" = "iPhone Developer";
				COPY_PHASE_STRIP = NO;
				DEBUG_INFORMATION_FORMAT = "dwarf-with-dsym";
				ENABLE_NS_ASSERTIONS = NO;
				ENABLE_STRICT_OBJC_MSGSEND = YES;
				GCC_C_LANGUAGE_STANDARD = gnu99;
				GCC_NO_COMMON_BLOCKS = YES;
				GCC_WARN_64_TO_32_BIT_CONVERSION = YES;
				GCC_WARN_ABOUT_RETURN_TYPE = YES_ERROR;
				GCC_WARN_UNDECLARED_SELECTOR = YES;
				GCC_WARN_UNINITIALIZED_AUTOS = YES_AGGRESSIVE;
				GCC_WARN_UNUSED_FUNCTION = YES;
				GCC_WARN_UNUSED_VARIABLE = YES;
				IPHONEOS_DEPLOYMENT_TARGET = 9.3;
				MTL_ENABLE_DEBUG_INFO = NO;
				SDKROOT = iphoneos;
				TARGETED_DEVICE_FAMILY = "1,2";
				VALIDATE_PRODUCT = YES;
			};
			name = Release;
		};
		657217FB1CE2FCF600A04525 /* Debug */ = {
			isa = XCBuildConfiguration;
			baseConfigurationReference = 65C0C7CB48310F60588FD2CE /* Pods.debug.xcconfig */;
			buildSettings = {
				ASSETCATALOG_COMPILER_APPICON_NAME = AppIcon;
				CODE_SIGN_IDENTITY = "iPhone Developer: zhang chunyun (53ZT864Y45)";
				GCC_PREFIX_HEADER = "TabBarTemplate-OC/PrefixHeader.pch";
				INFOPLIST_FILE = "TabBarTemplate-OC/Info.plist";
				IPHONEOS_DEPLOYMENT_TARGET = 7.0;
				LD_RUNPATH_SEARCH_PATHS = "$(inherited) @executable_path/Frameworks";
				PRODUCT_BUNDLE_IDENTIFIER = "TabBarTemplate-OC";
				PRODUCT_NAME = "$(TARGET_NAME)";
			};
			name = Debug;
		};
		657217FC1CE2FCF600A04525 /* Release */ = {
			isa = XCBuildConfiguration;
			baseConfigurationReference = E86B0DC0BFA16633F41AF06E /* Pods.release.xcconfig */;
			buildSettings = {
				ASSETCATALOG_COMPILER_APPICON_NAME = AppIcon;
				CODE_SIGN_IDENTITY = "iPhone Developer: zhang chunyun (53ZT864Y45)";
				GCC_PREFIX_HEADER = "TabBarTemplate-OC/PrefixHeader.pch";
				INFOPLIST_FILE = "TabBarTemplate-OC/Info.plist";
				IPHONEOS_DEPLOYMENT_TARGET = 7.0;
				LD_RUNPATH_SEARCH_PATHS = "$(inherited) @executable_path/Frameworks";
				PRODUCT_BUNDLE_IDENTIFIER = "TabBarTemplate-OC";
				PRODUCT_NAME = "$(TARGET_NAME)";
			};
			name = Release;
		};
		657217FE1CE2FCF600A04525 /* Debug */ = {
			isa = XCBuildConfiguration;
			buildSettings = {
				BUNDLE_LOADER = "$(TEST_HOST)";
				INFOPLIST_FILE = "TabBarTemplate-OCTests/Info.plist";
				LD_RUNPATH_SEARCH_PATHS = "$(inherited) @executable_path/Frameworks @loader_path/Frameworks";
				PRODUCT_BUNDLE_IDENTIFIER = "iSoftStone.TabBarTemplate-OCTests";
				PRODUCT_NAME = "$(TARGET_NAME)";
				TEST_HOST = "$(BUILT_PRODUCTS_DIR)/TabBarTemplate-OC.app/TabBarTemplate-OC";
			};
			name = Debug;
		};
		657217FF1CE2FCF600A04525 /* Release */ = {
			isa = XCBuildConfiguration;
			buildSettings = {
				BUNDLE_LOADER = "$(TEST_HOST)";
				INFOPLIST_FILE = "TabBarTemplate-OCTests/Info.plist";
				LD_RUNPATH_SEARCH_PATHS = "$(inherited) @executable_path/Frameworks @loader_path/Frameworks";
				PRODUCT_BUNDLE_IDENTIFIER = "iSoftStone.TabBarTemplate-OCTests";
				PRODUCT_NAME = "$(TARGET_NAME)";
				TEST_HOST = "$(BUILT_PRODUCTS_DIR)/TabBarTemplate-OC.app/TabBarTemplate-OC";
			};
			name = Release;
		};
		657218011CE2FCF600A04525 /* Debug */ = {
			isa = XCBuildConfiguration;
			buildSettings = {
				INFOPLIST_FILE = "TabBarTemplate-OCUITests/Info.plist";
				LD_RUNPATH_SEARCH_PATHS = "$(inherited) @executable_path/Frameworks @loader_path/Frameworks";
				PRODUCT_BUNDLE_IDENTIFIER = "iSoftStone.TabBarTemplate-OCUITests";
				PRODUCT_NAME = "$(TARGET_NAME)";
				TEST_TARGET_NAME = "TabBarTemplate-OC";
			};
			name = Debug;
		};
		657218021CE2FCF600A04525 /* Release */ = {
			isa = XCBuildConfiguration;
			buildSettings = {
				INFOPLIST_FILE = "TabBarTemplate-OCUITests/Info.plist";
				LD_RUNPATH_SEARCH_PATHS = "$(inherited) @executable_path/Frameworks @loader_path/Frameworks";
				PRODUCT_BUNDLE_IDENTIFIER = "iSoftStone.TabBarTemplate-OCUITests";
				PRODUCT_NAME = "$(TARGET_NAME)";
				TEST_TARGET_NAME = "TabBarTemplate-OC";
			};
			name = Release;
		};
/* End XCBuildConfiguration section */

/* Begin XCConfigurationList section */
		657217C81CE2FCF500A04525 /* Build configuration list for PBXProject "TabBarTemplate-OC" */ = {
			isa = XCConfigurationList;
			buildConfigurations = (
				657217F81CE2FCF600A04525 /* Debug */,
				657217F91CE2FCF600A04525 /* Release */,
			);
			defaultConfigurationIsVisible = 0;
			defaultConfigurationName = Release;
		};
		657217FA1CE2FCF600A04525 /* Build configuration list for PBXNativeTarget "TabBarTemplate-OC" */ = {
			isa = XCConfigurationList;
			buildConfigurations = (
				657217FB1CE2FCF600A04525 /* Debug */,
				657217FC1CE2FCF600A04525 /* Release */,
			);
			defaultConfigurationIsVisible = 0;
			defaultConfigurationName = Release;
		};
		657217FD1CE2FCF600A04525 /* Build configuration list for PBXNativeTarget "TabBarTemplate-OCTests" */ = {
			isa = XCConfigurationList;
			buildConfigurations = (
				657217FE1CE2FCF600A04525 /* Debug */,
				657217FF1CE2FCF600A04525 /* Release */,
			);
			defaultConfigurationIsVisible = 0;
			defaultConfigurationName = Release;
		};
		657218001CE2FCF600A04525 /* Build configuration list for PBXNativeTarget "TabBarTemplate-OCUITests" */ = {
			isa = XCConfigurationList;
			buildConfigurations = (
				657218011CE2FCF600A04525 /* Debug */,
				657218021CE2FCF600A04525 /* Release */,
			);
			defaultConfigurationIsVisible = 0;
			defaultConfigurationName = Release;
		};
/* End XCConfigurationList section */
	};
	rootObject = 657217C51CE2FCF500A04525 /* Project object */;
}
