// !$*UTF8*$!
{
	archiveVersion = 1;
	classes = {
	};
	objectVersion = 46;
	objects = {

/* Begin PBXBuildFile section */
		4CBB0CC385953B2A0AA9B89B /* libPods.a in Frameworks */ = {isa = PBXBuildFile; fileRef = 519BF7C0CC0CC067CFFCD395 /* libPods.a */; };
		650EB7D01D3C7F3900BA4AD7 /* BaseAnimatedTransitioningControll.m in Sources */ = {isa = PBXBuildFile; fileRef = 650EB7CF1D3C7F3900BA4AD7 /* BaseAnimatedTransitioningControll.m */; };
		650EB7E91D3CAE7800BA4AD7 /* SimpleAnimatedControll.m in Sources */ = {isa = PBXBuildFile; fileRef = 650EB7E81D3CAE7800BA4AD7 /* SimpleAnimatedControll.m */; };
		650EB7EC1D3CC19D00BA4AD7 /* TwoPageControll.m in Sources */ = {isa = PBXBuildFile; fileRef = 650EB7EB1D3CC19D00BA4AD7 /* TwoPageControll.m */; };
		650EB7F01D3CDC9500BA4AD7 /* Present2PageControll.m in Sources */ = {isa = PBXBuildFile; fileRef = 650EB7EF1D3CDC9500BA4AD7 /* Present2PageControll.m */; };
		651B08461D4AF1750083EBFB /* 0.jpg in Resources */ = {isa = PBXBuildFile; fileRef = 651B08161D4AF1740083EBFB /* 0.jpg */; };
		651B08471D4AF1750083EBFB /* 1.jpg in Resources */ = {isa = PBXBuildFile; fileRef = 651B08171D4AF1740083EBFB /* 1.jpg */; };
		651B08481D4AF1750083EBFB /* 10.jpg in Resources */ = {isa = PBXBuildFile; fileRef = 651B08181D4AF1740083EBFB /* 10.jpg */; };
		651B08491D4AF1750083EBFB /* 11.jpg in Resources */ = {isa = PBXBuildFile; fileRef = 651B08191D4AF1740083EBFB /* 11.jpg */; };
		651B084A1D4AF1750083EBFB /* 12.jpg in Resources */ = {isa = PBXBuildFile; fileRef = 651B081A1D4AF1740083EBFB /* 12.jpg */; };
		651B084B1D4AF1750083EBFB /* 13.jpg in Resources */ = {isa = PBXBuildFile; fileRef = 651B081B1D4AF1740083EBFB /* 13.jpg */; };
		651B084C1D4AF1750083EBFB /* 14.jpg in Resources */ = {isa = PBXBuildFile; fileRef = 651B081C1D4AF1740083EBFB /* 14.jpg */; };
		651B084D1D4AF1750083EBFB /* 15.jpg in Resources */ = {isa = PBXBuildFile; fileRef = 651B081D1D4AF1740083EBFB /* 15.jpg */; };
		651B084E1D4AF1750083EBFB /* 16.jpg in Resources */ = {isa = PBXBuildFile; fileRef = 651B081E1D4AF1740083EBFB /* 16.jpg */; };
		651B084F1D4AF1750083EBFB /* 17.jpg in Resources */ = {isa = PBXBuildFile; fileRef = 651B081F1D4AF1740083EBFB /* 17.jpg */; };
		651B08501D4AF1750083EBFB /* 18.jpg in Resources */ = {isa = PBXBuildFile; fileRef = 651B08201D4AF1740083EBFB /* 18.jpg */; };
		651B08511D4AF1750083EBFB /* 19.jpg in Resources */ = {isa = PBXBuildFile; fileRef = 651B08211D4AF1740083EBFB /* 19.jpg */; };
		651B08521D4AF1750083EBFB /* 2.jpg in Resources */ = {isa = PBXBuildFile; fileRef = 651B08221D4AF1740083EBFB /* 2.jpg */; };
		651B08531D4AF1750083EBFB /* 20.jpg in Resources */ = {isa = PBXBuildFile; fileRef = 651B08231D4AF1740083EBFB /* 20.jpg */; };
		651B08541D4AF1750083EBFB /* 21.jpg in Resources */ = {isa = PBXBuildFile; fileRef = 651B08241D4AF1740083EBFB /* 21.jpg */; };
		651B08551D4AF1750083EBFB /* 22.jpg in Resources */ = {isa = PBXBuildFile; fileRef = 651B08251D4AF1740083EBFB /* 22.jpg */; };
		651B08561D4AF1750083EBFB /* 23.jpg in Resources */ = {isa = PBXBuildFile; fileRef = 651B08261D4AF1740083EBFB /* 23.jpg */; };
		651B08571D4AF1750083EBFB /* 3.jpg in Resources */ = {isa = PBXBuildFile; fileRef = 651B08271D4AF1740083EBFB /* 3.jpg */; };
		651B08581D4AF1750083EBFB /* 4.jpg in Resources */ = {isa = PBXBuildFile; fileRef = 651B08281D4AF1740083EBFB /* 4.jpg */; };
		651B08591D4AF1750083EBFB /* 5.jpg in Resources */ = {isa = PBXBuildFile; fileRef = 651B08291D4AF1740083EBFB /* 5.jpg */; };
		651B085A1D4AF1750083EBFB /* 6.jpg in Resources */ = {isa = PBXBuildFile; fileRef = 651B082A1D4AF1740083EBFB /* 6.jpg */; };
		651B085B1D4AF1750083EBFB /* 7.jpg in Resources */ = {isa = PBXBuildFile; fileRef = 651B082B1D4AF1740083EBFB /* 7.jpg */; };
		651B085C1D4AF1750083EBFB /* 8.jpg in Resources */ = {isa = PBXBuildFile; fileRef = 651B082C1D4AF1740083EBFB /* 8.jpg */; };
		651B085D1D4AF1750083EBFB /* 9.jpg in Resources */ = {isa = PBXBuildFile; fileRef = 651B082D1D4AF1740083EBFB /* 9.jpg */; };
		651B085E1D4AF1750083EBFB /* Discover.xcassets in Resources */ = {isa = PBXBuildFile; fileRef = 651B082E1D4AF1740083EBFB /* Discover.xcassets */; };
		651B085F1D4AF1750083EBFB /* Home.xcassets in Resources */ = {isa = PBXBuildFile; fileRef = 651B082F1D4AF1740083EBFB /* Home.xcassets */; };
		651B08601D4AF1750083EBFB /* icon0.jpg in Resources */ = {isa = PBXBuildFile; fileRef = 651B08301D4AF1740083EBFB /* icon0.jpg */; };
		651B08611D4AF1750083EBFB /* icon1.jpg in Resources */ = {isa = PBXBuildFile; fileRef = 651B08311D4AF1740083EBFB /* icon1.jpg */; };
		651B08621D4AF1750083EBFB /* icon2.jpg in Resources */ = {isa = PBXBuildFile; fileRef = 651B08321D4AF1740083EBFB /* icon2.jpg */; };
		651B08631D4AF1750083EBFB /* icon3.jpg in Resources */ = {isa = PBXBuildFile; fileRef = 651B08331D4AF1740083EBFB /* icon3.jpg */; };
		651B08641D4AF1750083EBFB /* icon4.jpg in Resources */ = {isa = PBXBuildFile; fileRef = 651B08341D4AF1740083EBFB /* icon4.jpg */; };
		651B08651D4AF1750083EBFB /* pbg.jpg in Resources */ = {isa = PBXBuildFile; fileRef = 651B08351D4AF1740083EBFB /* pbg.jpg */; };
		651B08661D4AF1750083EBFB /* pic0.jpg in Resources */ = {isa = PBXBuildFile; fileRef = 651B08361D4AF1740083EBFB /* pic0.jpg */; };
		651B08671D4AF1750083EBFB /* pic1.jpg in Resources */ = {isa = PBXBuildFile; fileRef = 651B08371D4AF1740083EBFB /* pic1.jpg */; };
		651B08681D4AF1750083EBFB /* pic2.jpg in Resources */ = {isa = PBXBuildFile; fileRef = 651B08381D4AF1740083EBFB /* pic2.jpg */; };
		651B08691D4AF1750083EBFB /* pic3.jpg in Resources */ = {isa = PBXBuildFile; fileRef = 651B08391D4AF1740083EBFB /* pic3.jpg */; };
		651B086A1D4AF1750083EBFB /* pic4.jpg in Resources */ = {isa = PBXBuildFile; fileRef = 651B083A1D4AF1740083EBFB /* pic4.jpg */; };
		651B086B1D4AF1750083EBFB /* pic5.jpg in Resources */ = {isa = PBXBuildFile; fileRef = 651B083B1D4AF1740083EBFB /* pic5.jpg */; };
		651B086C1D4AF1750083EBFB /* pic6.jpg in Resources */ = {isa = PBXBuildFile; fileRef = 651B083C1D4AF1750083EBFB /* pic6.jpg */; };
		651B086D1D4AF1750083EBFB /* pic7.jpg in Resources */ = {isa = PBXBuildFile; fileRef = 651B083D1D4AF1750083EBFB /* pic7.jpg */; };
		651B086E1D4AF1750083EBFB /* pic8.jpg in Resources */ = {isa = PBXBuildFile; fileRef = 651B083E1D4AF1750083EBFB /* pic8.jpg */; };
		651B086F1D4AF1750083EBFB /* picon.jpg in Resources */ = {isa = PBXBuildFile; fileRef = 651B083F1D4AF1750083EBFB /* picon.jpg */; };
		651B08701D4AF1750083EBFB /* test0.jpg in Resources */ = {isa = PBXBuildFile; fileRef = 651B08411D4AF1750083EBFB /* test0.jpg */; };
		651B08711D4AF1750083EBFB /* test1.jpg in Resources */ = {isa = PBXBuildFile; fileRef = 651B08421D4AF1750083EBFB /* test1.jpg */; };
		651B08721D4AF1750083EBFB /* test2.jpg in Resources */ = {isa = PBXBuildFile; fileRef = 651B08431D4AF1750083EBFB /* test2.jpg */; };
		651B08731D4AF1750083EBFB /* test3.jpg in Resources */ = {isa = PBXBuildFile; fileRef = 651B08441D4AF1750083EBFB /* test3.jpg */; };
		651B08741D4AF1750083EBFB /* test4.jpg in Resources */ = {isa = PBXBuildFile; fileRef = 651B08451D4AF1750083EBFB /* test4.jpg */; };
		653F13CD1DB4765D000FED51 /* Login_VC.m in Sources */ = {isa = PBXBuildFile; fileRef = 653F13CB1DB4765D000FED51 /* Login_VC.m */; };
		653F13CE1DB4765D000FED51 /* Login_VC.xib in Resources */ = {isa = PBXBuildFile; fileRef = 653F13CC1DB4765D000FED51 /* Login_VC.xib */; };
		654476BC1D001503005659D5 /* UITableView+SDAutoTableViewCellHeight.m in Sources */ = {isa = PBXBuildFile; fileRef = 654476B91D001503005659D5 /* UITableView+SDAutoTableViewCellHeight.m */; };
		654476BD1D001503005659D5 /* UIView+SDAutoLayout.m in Sources */ = {isa = PBXBuildFile; fileRef = 654476BB1D001503005659D5 /* UIView+SDAutoLayout.m */; };
		654476BF1D00152E005659D5 /* Storyboard3.storyboard in Resources */ = {isa = PBXBuildFile; fileRef = 654476BE1D00152E005659D5 /* Storyboard3.storyboard */; };
		654476C21D0015AD005659D5 /* Main_ViewController.m in Sources */ = {isa = PBXBuildFile; fileRef = 654476C11D0015AD005659D5 /* Main_ViewController.m */; };
		65449AD51D4F22FF0060D068 /* CustomTableViewCell2.m in Sources */ = {isa = PBXBuildFile; fileRef = 65449AD41D4F22FF0060D068 /* CustomTableViewCell2.m */; };
		654B4B121D0EB9E00064B637 /* ViewController2.m in Sources */ = {isa = PBXBuildFile; fileRef = 654B4B111D0EB9E00064B637 /* ViewController2.m */; };
		654DA17B1CE42CDC00CFF129 /* Storyboard2.storyboard in Resources */ = {isa = PBXBuildFile; fileRef = 654DA17A1CE42CDC00CFF129 /* Storyboard2.storyboard */; };
		654DA1811CE42D7800CFF129 /* Main_Sb2.m in Sources */ = {isa = PBXBuildFile; fileRef = 654DA1801CE42D7800CFF129 /* Main_Sb2.m */; };
		654DA1841CE46E3400CFF129 /* LaunchScreenVC.m in Sources */ = {isa = PBXBuildFile; fileRef = 654DA1831CE46E3400CFF129 /* LaunchScreenVC.m */; };
		657217D21CE2FCF600A04525 /* main.m in Sources */ = {isa = PBXBuildFile; fileRef = 657217D11CE2FCF500A04525 /* main.m */; };
		657217D51CE2FCF600A04525 /* AppDelegate.m in Sources */ = {isa = PBXBuildFile; fileRef = 657217D41CE2FCF600A04525 /* AppDelegate.m */; };
		657217D81CE2FCF600A04525 /* ViewController.m in Sources */ = {isa = PBXBuildFile; fileRef = 657217D71CE2FCF600A04525 /* ViewController.m */; };
		657217DB1CE2FCF600A04525 /* Main.storyboard in Resources */ = {isa = PBXBuildFile; fileRef = 657217D91CE2FCF600A04525 /* Main.storyboard */; };
		657217DD1CE2FCF600A04525 /* Assets.xcassets in Resources */ = {isa = PBXBuildFile; fileRef = 657217DC1CE2FCF600A04525 /* Assets.xcassets */; };
		657217E01CE2FCF600A04525 /* LaunchScreen.storyboard in Resources */ = {isa = PBXBuildFile; fileRef = 657217DE1CE2FCF600A04525 /* LaunchScreen.storyboard */; };
		657217EB1CE2FCF600A04525 /* TabBarTemplate_OCTests.m in Sources */ = {isa = PBXBuildFile; fileRef = 657217EA1CE2FCF600A04525 /* TabBarTemplate_OCTests.m */; };
		657217F61CE2FCF600A04525 /* TabBarTemplate_OCUITests.m in Sources */ = {isa = PBXBuildFile; fileRef = 657217F51CE2FCF600A04525 /* TabBarTemplate_OCUITests.m */; };
		6572180B1CE3198400A04525 /* AuxFileManage.m in Sources */ = {isa = PBXBuildFile; fileRef = 6572180A1CE3198400A04525 /* AuxFileManage.m */; };
		6572180E1CE31A1500A04525 /* AuxDBOperation.m in Sources */ = {isa = PBXBuildFile; fileRef = 6572180D1CE31A1500A04525 /* AuxDBOperation.m */; };
		657218131CE32FAF00A04525 /* BaseTabBarController.m in Sources */ = {isa = PBXBuildFile; fileRef = 657218111CE32FAF00A04525 /* BaseTabBarController.m */; };
		658D55451D4704D4007B8788 /* CustomTableViewCell.m in Sources */ = {isa = PBXBuildFile; fileRef = 658D55441D4704D4007B8788 /* CustomTableViewCell.m */; };
		6590CC371D3F092A00FF1F07 /* SimplePresentationControll.m in Sources */ = {isa = PBXBuildFile; fileRef = 6590CC361D3F092A00FF1F07 /* SimplePresentationControll.m */; };
		6590CC3B1D3F246E00FF1F07 /* TestViewController.m in Sources */ = {isa = PBXBuildFile; fileRef = 6590CC391D3F246D00FF1F07 /* TestViewController.m */; };
		6590CC3C1D3F246E00FF1F07 /* TestViewController.xib in Resources */ = {isa = PBXBuildFile; fileRef = 6590CC3A1D3F246D00FF1F07 /* TestViewController.xib */; };
		6590CC481D3F5CBD00FF1F07 /* TestVCAnimatedTransitionController.m in Sources */ = {isa = PBXBuildFile; fileRef = 6590CC471D3F5CBD00FF1F07 /* TestVCAnimatedTransitionController.m */; };
		65918B911D51C2E6009DA4AE /* CellStatusEntity.m in Sources */ = {isa = PBXBuildFile; fileRef = 65918B901D51C2E6009DA4AE /* CellStatusEntity.m */; };
		65B0E2CD1D34B600004F948C /* SB2_ViewController.m in Sources */ = {isa = PBXBuildFile; fileRef = 65B0E2CC1D34B5FF004F948C /* SB2_ViewController.m */; };
		65C880341DB4B33F0049B5A5 /* UIImageEffects.m in Sources */ = {isa = PBXBuildFile; fileRef = 65C880331DB4B33F0049B5A5 /* UIImageEffects.m */; };
		65C880371DB4BFAF0049B5A5 /* UIImage+FKCategory.m in Sources */ = {isa = PBXBuildFile; fileRef = 65C880361DB4BFAF0049B5A5 /* UIImage+FKCategory.m */; };
		65DA0F771CE570A300B64405 /* LaunchView.m in Sources */ = {isa = PBXBuildFile; fileRef = 65DA0F761CE570A300B64405 /* LaunchView.m */; };
		65DA0F7A1CE5735700B64405 /* DGAaimaView.m in Sources */ = {isa = PBXBuildFile; fileRef = 65DA0F791CE5735700B64405 /* DGAaimaView.m */; };
		65DA0F7D1CE573AC00B64405 /* DGEarthView.m in Sources */ = {isa = PBXBuildFile; fileRef = 65DA0F7C1CE573AC00B64405 /* DGEarthView.m */; };
		65E1879C1DB619EF00857009 /* Login_PresentController.m in Sources */ = {isa = PBXBuildFile; fileRef = 65E1879B1DB619EF00857009 /* Login_PresentController.m */; };
		65E1879F1DB61DA600857009 /* Login_AnimatedTransitioningControll.m in Sources */ = {isa = PBXBuildFile; fileRef = 65E1879E1DB61DA600857009 /* Login_AnimatedTransitioningControll.m */; };
		65EE41A31D3E13E60092C271 /* PanGestureInteractiveTransition.m in Sources */ = {isa = PBXBuildFile; fileRef = 65EE41A21D3E13E60092C271 /* PanGestureInteractiveTransition.m */; };
		65EE5AA01D489090008FBCF7 /* UIColor+Tool.m in Sources */ = {isa = PBXBuildFile; fileRef = 65EE5A9F1D489090008FBCF7 /* UIColor+Tool.m */; };
		65EE5AA21D4892A1008FBCF7 /* File in Resources */ = {isa = PBXBuildFile; fileRef = 65EE5AA11D4892A1008FBCF7 /* File */; };
		65EE5AA51D4892DA008FBCF7 /* CommonTool.m in Sources */ = {isa = PBXBuildFile; fileRef = 65EE5AA41D4892DA008FBCF7 /* CommonTool.m */; };
		65F504EB1D227885006C27BA /* LXNetworking.m in Sources */ = {isa = PBXBuildFile; fileRef = 65F504EA1D227885006C27BA /* LXNetworking.m */; };
/* End PBXBuildFile section */

/* Begin PBXContainerItemProxy section */
		657217E71CE2FCF600A04525 /* PBXContainerItemProxy */ = {
			isa = PBXContainerItemProxy;
			containerPortal = 657217C51CE2FCF500A04525 /* Project object */;
			proxyType = 1;
			remoteGlobalIDString = 657217CC1CE2FCF500A04525;
			remoteInfo = "TabBarTemplate-OC";
		};
		657217F21CE2FCF600A04525 /* PBXContainerItemProxy */ = {
			isa = PBXContainerItemProxy;
			containerPortal = 657217C51CE2FCF500A04525 /* Project object */;
			proxyType = 1;
			remoteGlobalIDString = 657217CC1CE2FCF500A04525;
			remoteInfo = "TabBarTemplate-OC";
		};
/* End PBXContainerItemProxy section */

/* Begin PBXFileReference section */
		519BF7C0CC0CC067CFFCD395 /* libPods.a */ = {isa = PBXFileReference; explicitFileType = archive.ar; includeInIndex = 0; path = libPods.a; sourceTree = BUILT_PRODUCTS_DIR; };
		650EB7CE1D3C7F3900BA4AD7 /* BaseAnimatedTransitioningControll.h */ = {isa = PBXFileReference; fileEncoding = 4; lastKnownFileType = sourcecode.c.h; path = BaseAnimatedTransitioningControll.h; sourceTree = "<group>"; };
		650EB7CF1D3C7F3900BA4AD7 /* BaseAnimatedTransitioningControll.m */ = {isa = PBXFileReference; fileEncoding = 4; lastKnownFileType = sourcecode.c.objc; path = BaseAnimatedTransitioningControll.m; sourceTree = "<group>"; };
		650EB7E71D3CAE7800BA4AD7 /* SimpleAnimatedControll.h */ = {isa = PBXFileReference; fileEncoding = 4; lastKnownFileType = sourcecode.c.h; path = SimpleAnimatedControll.h; sourceTree = "<group>"; };
		650EB7E81D3CAE7800BA4AD7 /* SimpleAnimatedControll.m */ = {isa = PBXFileReference; fileEncoding = 4; lastKnownFileType = sourcecode.c.objc; path = SimpleAnimatedControll.m; sourceTree = "<group>"; };
		650EB7EA1D3CC19D00BA4AD7 /* TwoPageControll.h */ = {isa = PBXFileReference; fileEncoding = 4; lastKnownFileType = sourcecode.c.h; path = TwoPageControll.h; sourceTree = "<group>"; };
		650EB7EB1D3CC19D00BA4AD7 /* TwoPageControll.m */ = {isa = PBXFileReference; fileEncoding = 4; lastKnownFileType = sourcecode.c.objc; path = TwoPageControll.m; sourceTree = "<group>"; };
		650EB7EE1D3CDC9500BA4AD7 /* Present2PageControll.h */ = {isa = PBXFileReference; fileEncoding = 4; lastKnownFileType = sourcecode.c.h; path = Present2PageControll.h; sourceTree = "<group>"; };
		650EB7EF1D3CDC9500BA4AD7 /* Present2PageControll.m */ = {isa = PBXFileReference; fileEncoding = 4; lastKnownFileType = sourcecode.c.objc; path = Present2PageControll.m; sourceTree = "<group>"; };
		651B08161D4AF1740083EBFB /* 0.jpg */ = {isa = PBXFileReference; lastKnownFileType = image.jpeg; path = 0.jpg; sourceTree = "<group>"; };
		651B08171D4AF1740083EBFB /* 1.jpg */ = {isa = PBXFileReference; lastKnownFileType = image.jpeg; path = 1.jpg; sourceTree = "<group>"; };
		651B08181D4AF1740083EBFB /* 10.jpg */ = {isa = PBXFileReference; lastKnownFileType = image.jpeg; path = 10.jpg; sourceTree = "<group>"; };
		651B08191D4AF1740083EBFB /* 11.jpg */ = {isa = PBXFileReference; lastKnownFileType = image.jpeg; path = 11.jpg; sourceTree = "<group>"; };
		651B081A1D4AF1740083EBFB /* 12.jpg */ = {isa = PBXFileReference; lastKnownFileType = image.jpeg; path = 12.jpg; sourceTree = "<group>"; };
		651B081B1D4AF1740083EBFB /* 13.jpg */ = {isa = PBXFileReference; lastKnownFileType = image.jpeg; path = 13.jpg; sourceTree = "<group>"; };
		651B081C1D4AF1740083EBFB /* 14.jpg */ = {isa = PBXFileReference; lastKnownFileType = image.jpeg; path = 14.jpg; sourceTree = "<group>"; };
		651B081D1D4AF1740083EBFB /* 15.jpg */ = {isa = PBXFileReference; lastKnownFileType = image.jpeg; path = 15.jpg; sourceTree = "<group>"; };
		651B081E1D4AF1740083EBFB /* 16.jpg */ = {isa = PBXFileReference; lastKnownFileType = image.jpeg; path = 16.jpg; sourceTree = "<group>"; };
		651B081F1D4AF1740083EBFB /* 17.jpg */ = {isa = PBXFileReference; lastKnownFileType = image.jpeg; path = 17.jpg; sourceTree = "<group>"; };
		651B08201D4AF1740083EBFB /* 18.jpg */ = {isa = PBXFileReference; lastKnownFileType = image.jpeg; path = 18.jpg; sourceTree = "<group>"; };
		651B08211D4AF1740083EBFB /* 19.jpg */ = {isa = PBXFileReference; lastKnownFileType = image.jpeg; path = 19.jpg; sourceTree = "<group>"; };
		651B08221D4AF1740083EBFB /* 2.jpg */ = {isa = PBXFileReference; lastKnownFileType = image.jpeg; path = 2.jpg; sourceTree = "<group>"; };
		651B08231D4AF1740083EBFB /* 20.jpg */ = {isa = PBXFileReference; lastKnownFileType = image.jpeg; path = 20.jpg; sourceTree = "<group>"; };
		651B08241D4AF1740083EBFB /* 21.jpg */ = {isa = PBXFileReference; lastKnownFileType = image.jpeg; path = 21.jpg; sourceTree = "<group>"; };
		651B08251D4AF1740083EBFB /* 22.jpg */ = {isa = PBXFileReference; lastKnownFileType = image.jpeg; path = 22.jpg; sourceTree = "<group>"; };
		651B08261D4AF1740083EBFB /* 23.jpg */ = {isa = PBXFileReference; lastKnownFileType = image.jpeg; path = 23.jpg; sourceTree = "<group>"; };
		651B08271D4AF1740083EBFB /* 3.jpg */ = {isa = PBXFileReference; lastKnownFileType = image.jpeg; path = 3.jpg; sourceTree = "<group>"; };
		651B08281D4AF1740083EBFB /* 4.jpg */ = {isa = PBXFileReference; lastKnownFileType = image.jpeg; path = 4.jpg; sourceTree = "<group>"; };
		651B08291D4AF1740083EBFB /* 5.jpg */ = {isa = PBXFileReference; lastKnownFileType = image.jpeg; path = 5.jpg; sourceTree = "<group>"; };
		651B082A1D4AF1740083EBFB /* 6.jpg */ = {isa = PBXFileReference; lastKnownFileType = image.jpeg; path = 6.jpg; sourceTree = "<group>"; };
		651B082B1D4AF1740083EBFB /* 7.jpg */ = {isa = PBXFileReference; lastKnownFileType = image.jpeg; path = 7.jpg; sourceTree = "<group>"; };
		651B082C1D4AF1740083EBFB /* 8.jpg */ = {isa = PBXFileReference; lastKnownFileType = image.jpeg; path = 8.jpg; sourceTree = "<group>"; };
		651B082D1D4AF1740083EBFB /* 9.jpg */ = {isa = PBXFileReference; lastKnownFileType = image.jpeg; path = 9.jpg; sourceTree = "<group>"; };
		651B082E1D4AF1740083EBFB /* Discover.xcassets */ = {isa = PBXFileReference; lastKnownFileType = folder.assetcatalog; path = Discover.xcassets; sourceTree = "<group>"; };
		651B082F1D4AF1740083EBFB /* Home.xcassets */ = {isa = PBXFileReference; lastKnownFileType = folder.assetcatalog; path = Home.xcassets; sourceTree = "<group>"; };
		651B08301D4AF1740083EBFB /* icon0.jpg */ = {isa = PBXFileReference; lastKnownFileType = image.jpeg; path = icon0.jpg; sourceTree = "<group>"; };
		651B08311D4AF1740083EBFB /* icon1.jpg */ = {isa = PBXFileReference; lastKnownFileType = image.jpeg; path = icon1.jpg; sourceTree = "<group>"; };
		651B08321D4AF1740083EBFB /* icon2.jpg */ = {isa = PBXFileReference; lastKnownFileType = image.jpeg; path = icon2.jpg; sourceTree = "<group>"; };
		651B08331D4AF1740083EBFB /* icon3.jpg */ = {isa = PBXFileReference; lastKnownFileType = image.jpeg; path = icon3.jpg; sourceTree = "<group>"; };
		651B08341D4AF1740083EBFB /* icon4.jpg */ = {isa = PBXFileReference; lastKnownFileType = image.jpeg; path = icon4.jpg; sourceTree = "<group>"; };
		651B08351D4AF1740083EBFB /* pbg.jpg */ = {isa = PBXFileReference; lastKnownFileType = image.jpeg; path = pbg.jpg; sourceTree = "<group>"; };
		651B08361D4AF1740083EBFB /* pic0.jpg */ = {isa = PBXFileReference; lastKnownFileType = image.jpeg; path = pic0.jpg; sourceTree = "<group>"; };
		651B08371D4AF1740083EBFB /* pic1.jpg */ = {isa = PBXFileReference; lastKnownFileType = image.jpeg; path = pic1.jpg; sourceTree = "<group>"; };
		651B08381D4AF1740083EBFB /* pic2.jpg */ = {isa = PBXFileReference; lastKnownFileType = image.jpeg; path = pic2.jpg; sourceTree = "<group>"; };
		651B08391D4AF1740083EBFB /* pic3.jpg */ = {isa = PBXFileReference; lastKnownFileType = image.jpeg; path = pic3.jpg; sourceTree = "<group>"; };
		651B083A1D4AF1740083EBFB /* pic4.jpg */ = {isa = PBXFileReference; lastKnownFileType = image.jpeg; path = pic4.jpg; sourceTree = "<group>"; };
		651B083B1D4AF1740083EBFB /* pic5.jpg */ = {isa = PBXFileReference; lastKnownFileType = image.jpeg; path = pic5.jpg; sourceTree = "<group>"; };
		651B083C1D4AF1750083EBFB /* pic6.jpg */ = {isa = PBXFileReference; lastKnownFileType = image.jpeg; path = pic6.jpg; sourceTree = "<group>"; };
		651B083D1D4AF1750083EBFB /* pic7.jpg */ = {isa = PBXFileReference; lastKnownFileType = image.jpeg; path = pic7.jpg; sourceTree = "<group>"; };
		651B083E1D4AF1750083EBFB /* pic8.jpg */ = {isa = PBXFileReference; lastKnownFileType = image.jpeg; path = pic8.jpg; sourceTree = "<group>"; };
		651B083F1D4AF1750083EBFB /* picon.jpg */ = {isa = PBXFileReference; lastKnownFileType = image.jpeg; path = picon.jpg; sourceTree = "<group>"; };
		651B08411D4AF1750083EBFB /* test0.jpg */ = {isa = PBXFileReference; lastKnownFileType = image.jpeg; path = test0.jpg; sourceTree = "<group>"; };
		651B08421D4AF1750083EBFB /* test1.jpg */ = {isa = PBXFileReference; lastKnownFileType = image.jpeg; path = test1.jpg; sourceTree = "<group>"; };
		651B08431D4AF1750083EBFB /* test2.jpg */ = {isa = PBXFileReference; lastKnownFileType = image.jpeg; path = test2.jpg; sourceTree = "<group>"; };
		651B08441D4AF1750083EBFB /* test3.jpg */ = {isa = PBXFileReference; lastKnownFileType = image.jpeg; path = test3.jpg; sourceTree = "<group>"; };
		651B08451D4AF1750083EBFB /* test4.jpg */ = {isa = PBXFileReference; lastKnownFileType = image.jpeg; path = test4.jpg; sourceTree = "<group>"; };
		653F13CA1DB4765D000FED51 /* Login_VC.h */ = {isa = PBXFileReference; fileEncoding = 4; lastKnownFileType = sourcecode.c.h; path = Login_VC.h; sourceTree = "<group>"; };
		653F13CB1DB4765D000FED51 /* Login_VC.m */ = {isa = PBXFileReference; fileEncoding = 4; lastKnownFileType = sourcecode.c.objc; path = Login_VC.m; sourceTree = "<group>"; };
		653F13CC1DB4765D000FED51 /* Login_VC.xib */ = {isa = PBXFileReference; fileEncoding = 4; lastKnownFileType = file.xib; path = Login_VC.xib; sourceTree = "<group>"; };
		654476B81D001503005659D5 /* UITableView+SDAutoTableViewCellHeight.h */ = {isa = PBXFileReference; fileEncoding = 4; lastKnownFileType = sourcecode.c.h; path = "UITableView+SDAutoTableViewCellHeight.h"; sourceTree = "<group>"; };
		654476B91D001503005659D5 /* UITableView+SDAutoTableViewCellHeight.m */ = {isa = PBXFileReference; fileEncoding = 4; lastKnownFileType = sourcecode.c.objc; path = "UITableView+SDAutoTableViewCellHeight.m"; sourceTree = "<group>"; };
		654476BA1D001503005659D5 /* UIView+SDAutoLayout.h */ = {isa = PBXFileReference; fileEncoding = 4; lastKnownFileType = sourcecode.c.h; path = "UIView+SDAutoLayout.h"; sourceTree = "<group>"; };
		654476BB1D001503005659D5 /* UIView+SDAutoLayout.m */ = {isa = PBXFileReference; fileEncoding = 4; lastKnownFileType = sourcecode.c.objc; path = "UIView+SDAutoLayout.m"; sourceTree = "<group>"; };
		654476BE1D00152E005659D5 /* Storyboard3.storyboard */ = {isa = PBXFileReference; fileEncoding = 4; lastKnownFileType = file.storyboard; path = Storyboard3.storyboard; sourceTree = "<group>"; };
		654476C01D0015AD005659D5 /* Main_ViewController.h */ = {isa = PBXFileReference; fileEncoding = 4; lastKnownFileType = sourcecode.c.h; path = Main_ViewController.h; sourceTree = "<group>"; };
		654476C11D0015AD005659D5 /* Main_ViewController.m */ = {isa = PBXFileReference; fileEncoding = 4; lastKnownFileType = sourcecode.c.objc; path = Main_ViewController.m; sourceTree = "<group>"; };
		65449AD31D4F22FF0060D068 /* CustomTableViewCell2.h */ = {isa = PBXFileReference; fileEncoding = 4; lastKnownFileType = sourcecode.c.h; path = CustomTableViewCell2.h; sourceTree = "<group>"; };
		65449AD41D4F22FF0060D068 /* CustomTableViewCell2.m */ = {isa = PBXFileReference; fileEncoding = 4; lastKnownFileType = sourcecode.c.objc; path = CustomTableViewCell2.m; sourceTree = "<group>"; };
		654B4B101D0EB9E00064B637 /* ViewController2.h */ = {isa = PBXFileReference; fileEncoding = 4; lastKnownFileType = sourcecode.c.h; path = ViewController2.h; sourceTree = "<group>"; };
		654B4B111D0EB9E00064B637 /* ViewController2.m */ = {isa = PBXFileReference; fileEncoding = 4; lastKnownFileType = sourcecode.c.objc; path = ViewController2.m; sourceTree = "<group>"; };
		654DA17A1CE42CDC00CFF129 /* Storyboard2.storyboard */ = {isa = PBXFileReference; fileEncoding = 4; lastKnownFileType = file.storyboard; path = Storyboard2.storyboard; sourceTree = "<group>"; };
		654DA17F1CE42D7800CFF129 /* Main_Sb2.h */ = {isa = PBXFileReference; fileEncoding = 4; lastKnownFileType = sourcecode.c.h; path = Main_Sb2.h; sourceTree = "<group>"; };
		654DA1801CE42D7800CFF129 /* Main_Sb2.m */ = {isa = PBXFileReference; fileEncoding = 4; lastKnownFileType = sourcecode.c.objc; path = Main_Sb2.m; sourceTree = "<group>"; };
		654DA1821CE46E3400CFF129 /* LaunchScreenVC.h */ = {isa = PBXFileReference; fileEncoding = 4; lastKnownFileType = sourcecode.c.h; path = LaunchScreenVC.h; sourceTree = "<group>"; };
		654DA1831CE46E3400CFF129 /* LaunchScreenVC.m */ = {isa = PBXFileReference; fileEncoding = 4; lastKnownFileType = sourcecode.c.objc; path = LaunchScreenVC.m; sourceTree = "<group>"; };
		657217CD1CE2FCF500A04525 /* TabBarTemplate-OC.app */ = {isa = PBXFileReference; explicitFileType = wrapper.application; includeInIndex = 0; path = "TabBarTemplate-OC.app"; sourceTree = BUILT_PRODUCTS_DIR; };
		657217D11CE2FCF500A04525 /* main.m */ = {isa = PBXFileReference; lastKnownFileType = sourcecode.c.objc; path = main.m; sourceTree = "<group>"; };
		657217D31CE2FCF600A04525 /* AppDelegate.h */ = {isa = PBXFileReference; lastKnownFileType = sourcecode.c.h; path = AppDelegate.h; sourceTree = "<group>"; };
		657217D41CE2FCF600A04525 /* AppDelegate.m */ = {isa = PBXFileReference; lastKnownFileType = sourcecode.c.objc; path = AppDelegate.m; sourceTree = "<group>"; };
		657217D61CE2FCF600A04525 /* ViewController.h */ = {isa = PBXFileReference; lastKnownFileType = sourcecode.c.h; path = ViewController.h; sourceTree = "<group>"; };
		657217D71CE2FCF600A04525 /* ViewController.m */ = {isa = PBXFileReference; lastKnownFileType = sourcecode.c.objc; path = ViewController.m; sourceTree = "<group>"; };
		657217DA1CE2FCF600A04525 /* Base */ = {isa = PBXFileReference; lastKnownFileType = file.storyboard; name = Base; path = Base.lproj/Main.storyboard; sourceTree = "<group>"; };
		657217DC1CE2FCF600A04525 /* Assets.xcassets */ = {isa = PBXFileReference; lastKnownFileType = folder.assetcatalog; path = Assets.xcassets; sourceTree = "<group>"; };
		657217DF1CE2FCF600A04525 /* Base */ = {isa = PBXFileReference; lastKnownFileType = file.storyboard; name = Base; path = Base.lproj/LaunchScreen.storyboard; sourceTree = "<group>"; };
		657217E11CE2FCF600A04525 /* Info.plist */ = {isa = PBXFileReference; lastKnownFileType = text.plist.xml; path = Info.plist; sourceTree = "<group>"; };
		657217E61CE2FCF600A04525 /* TabBarTemplate-OCTests.xctest */ = {isa = PBXFileReference; explicitFileType = wrapper.cfbundle; includeInIndex = 0; path = "TabBarTemplate-OCTests.xctest"; sourceTree = BUILT_PRODUCTS_DIR; };
		657217EA1CE2FCF600A04525 /* TabBarTemplate_OCTests.m */ = {isa = PBXFileReference; lastKnownFileType = sourcecode.c.objc; path = TabBarTemplate_OCTests.m; sourceTree = "<group>"; };
		657217EC1CE2FCF600A04525 /* Info.plist */ = {isa = PBXFileReference; lastKnownFileType = text.plist.xml; path = Info.plist; sourceTree = "<group>"; };
		657217F11CE2FCF600A04525 /* TabBarTemplate-OCUITests.xctest */ = {isa = PBXFileReference; explicitFileType = wrapper.cfbundle; includeInIndex = 0; path = "TabBarTemplate-OCUITests.xctest"; sourceTree = BUILT_PRODUCTS_DIR; };
		657217F51CE2FCF600A04525 /* TabBarTemplate_OCUITests.m */ = {isa = PBXFileReference; lastKnownFileType = sourcecode.c.objc; path = TabBarTemplate_OCUITests.m; sourceTree = "<group>"; };
		657217F71CE2FCF600A04525 /* Info.plist */ = {isa = PBXFileReference; lastKnownFileType = text.plist.xml; path = Info.plist; sourceTree = "<group>"; };
		657218051CE3018D00A04525 /* PrefixHeader.pch */ = {isa = PBXFileReference; lastKnownFileType = sourcecode.c.h; path = PrefixHeader.pch; sourceTree = "<group>"; };
		657218091CE3198400A04525 /* AuxFileManage.h */ = {isa = PBXFileReference; fileEncoding = 4; lastKnownFileType = sourcecode.c.h; path = AuxFileManage.h; sourceTree = "<group>"; };
		6572180A1CE3198400A04525 /* AuxFileManage.m */ = {isa = PBXFileReference; fileEncoding = 4; lastKnownFileType = sourcecode.c.objc; path = AuxFileManage.m; sourceTree = "<group>"; };
		6572180C1CE31A1500A04525 /* AuxDBOperation.h */ = {isa = PBXFileReference; fileEncoding = 4; lastKnownFileType = sourcecode.c.h; path = AuxDBOperation.h; sourceTree = "<group>"; };
		6572180D1CE31A1500A04525 /* AuxDBOperation.m */ = {isa = PBXFileReference; fileEncoding = 4; lastKnownFileType = sourcecode.c.objc; path = AuxDBOperation.m; sourceTree = "<group>"; };
		657218101CE32FAF00A04525 /* BaseTabBarController.h */ = {isa = PBXFileReference; fileEncoding = 4; lastKnownFileType = sourcecode.c.h; path = BaseTabBarController.h; sourceTree = "<group>"; };
		657218111CE32FAF00A04525 /* BaseTabBarController.m */ = {isa = PBXFileReference; fileEncoding = 4; lastKnownFileType = sourcecode.c.objc; path = BaseTabBarController.m; sourceTree = "<group>"; };
		658D55431D4704D4007B8788 /* CustomTableViewCell.h */ = {isa = PBXFileReference; fileEncoding = 4; lastKnownFileType = sourcecode.c.h; path = CustomTableViewCell.h; sourceTree = "<group>"; };
		658D55441D4704D4007B8788 /* CustomTableViewCell.m */ = {isa = PBXFileReference; fileEncoding = 4; lastKnownFileType = sourcecode.c.objc; path = CustomTableViewCell.m; sourceTree = "<group>"; };
		6590CC351D3F092A00FF1F07 /* SimplePresentationControll.h */ = {isa = PBXFileReference; fileEncoding = 4; lastKnownFileType = sourcecode.c.h; path = SimplePresentationControll.h; sourceTree = "<group>"; };
		6590CC361D3F092A00FF1F07 /* SimplePresentationControll.m */ = {isa = PBXFileReference; fileEncoding = 4; lastKnownFileType = sourcecode.c.objc; path = SimplePresentationControll.m; sourceTree = "<group>"; };
		6590CC381D3F246D00FF1F07 /* TestViewController.h */ = {isa = PBXFileReference; fileEncoding = 4; lastKnownFileType = sourcecode.c.h; path = TestViewController.h; sourceTree = "<group>"; };
		6590CC391D3F246D00FF1F07 /* TestViewController.m */ = {isa = PBXFileReference; fileEncoding = 4; lastKnownFileType = sourcecode.c.objc; path = TestViewController.m; sourceTree = "<group>"; };
		6590CC3A1D3F246D00FF1F07 /* TestViewController.xib */ = {isa = PBXFileReference; fileEncoding = 4; lastKnownFileType = file.xib; path = TestViewController.xib; sourceTree = "<group>"; };
		6590CC451D3F51AB00FF1F07 /* DismissViewControllerProtocol.h */ = {isa = PBXFileReference; fileEncoding = 4; lastKnownFileType = sourcecode.c.h; path = DismissViewControllerProtocol.h; sourceTree = "<group>"; };
		6590CC461D3F5CBD00FF1F07 /* TestVCAnimatedTransitionController.h */ = {isa = PBXFileReference; fileEncoding = 4; lastKnownFileType = sourcecode.c.h; path = TestVCAnimatedTransitionController.h; sourceTree = "<group>"; };
		6590CC471D3F5CBD00FF1F07 /* TestVCAnimatedTransitionController.m */ = {isa = PBXFileReference; fileEncoding = 4; lastKnownFileType = sourcecode.c.objc; path = TestVCAnimatedTransitionController.m; sourceTree = "<group>"; };
		65918B8F1D51C2E6009DA4AE /* CellStatusEntity.h */ = {isa = PBXFileReference; fileEncoding = 4; lastKnownFileType = sourcecode.c.h; path = CellStatusEntity.h; sourceTree = "<group>"; };
		65918B901D51C2E6009DA4AE /* CellStatusEntity.m */ = {isa = PBXFileReference; fileEncoding = 4; lastKnownFileType = sourcecode.c.objc; path = CellStatusEntity.m; sourceTree = "<group>"; };
		65B0E2CB1D34B5FF004F948C /* SB2_ViewController.h */ = {isa = PBXFileReference; fileEncoding = 4; lastKnownFileType = sourcecode.c.h; path = SB2_ViewController.h; sourceTree = "<group>"; };
		65B0E2CC1D34B5FF004F948C /* SB2_ViewController.m */ = {isa = PBXFileReference; fileEncoding = 4; lastKnownFileType = sourcecode.c.objc; path = SB2_ViewController.m; sourceTree = "<group>"; };
		65C0C7CB48310F60588FD2CE /* Pods.debug.xcconfig */ = {isa = PBXFileReference; includeInIndex = 1; lastKnownFileType = text.xcconfig; name = Pods.debug.xcconfig; path = "Pods/Target Support Files/Pods/Pods.debug.xcconfig"; sourceTree = "<group>"; };
		65C880321DB4B33F0049B5A5 /* UIImageEffects.h */ = {isa = PBXFileReference; fileEncoding = 4; lastKnownFileType = sourcecode.c.h; path = UIImageEffects.h; sourceTree = "<group>"; };
		65C880331DB4B33F0049B5A5 /* UIImageEffects.m */ = {isa = PBXFileReference; fileEncoding = 4; lastKnownFileType = sourcecode.c.objc; path = UIImageEffects.m; sourceTree = "<group>"; };
		65C880351DB4BFAF0049B5A5 /* UIImage+FKCategory.h */ = {isa = PBXFileReference; fileEncoding = 4; lastKnownFileType = sourcecode.c.h; path = "UIImage+FKCategory.h"; sourceTree = "<group>"; };
		65C880361DB4BFAF0049B5A5 /* UIImage+FKCategory.m */ = {isa = PBXFileReference; fileEncoding = 4; lastKnownFileType = sourcecode.c.objc; path = "UIImage+FKCategory.m"; sourceTree = "<group>"; };
		65DA0F751CE570A300B64405 /* LaunchView.h */ = {isa = PBXFileReference; fileEncoding = 4; lastKnownFileType = sourcecode.c.h; path = LaunchView.h; sourceTree = "<group>"; };
		65DA0F761CE570A300B64405 /* LaunchView.m */ = {isa = PBXFileReference; fileEncoding = 4; lastKnownFileType = sourcecode.c.objc; path = LaunchView.m; sourceTree = "<group>"; };
		65DA0F781CE5735700B64405 /* DGAaimaView.h */ = {isa = PBXFileReference; fileEncoding = 4; lastKnownFileType = sourcecode.c.h; path = DGAaimaView.h; sourceTree = "<group>"; };
		65DA0F791CE5735700B64405 /* DGAaimaView.m */ = {isa = PBXFileReference; fileEncoding = 4; lastKnownFileType = sourcecode.c.objc; path = DGAaimaView.m; sourceTree = "<group>"; };
		65DA0F7B1CE573AC00B64405 /* DGEarthView.h */ = {isa = PBXFileReference; fileEncoding = 4; lastKnownFileType = sourcecode.c.h; path = DGEarthView.h; sourceTree = "<group>"; };
		65DA0F7C1CE573AC00B64405 /* DGEarthView.m */ = {isa = PBXFileReference; fileEncoding = 4; lastKnownFileType = sourcecode.c.objc; path = DGEarthView.m; sourceTree = "<group>"; };
		65E1879A1DB619EF00857009 /* Login_PresentController.h */ = {isa = PBXFileReference; fileEncoding = 4; lastKnownFileType = sourcecode.c.h; path = Login_PresentController.h; sourceTree = "<group>"; };
		65E1879B1DB619EF00857009 /* Login_PresentController.m */ = {isa = PBXFileReference; fileEncoding = 4; lastKnownFileType = sourcecode.c.objc; path = Login_PresentController.m; sourceTree = "<group>"; };
		65E1879D1DB61DA600857009 /* Login_AnimatedTransitioningControll.h */ = {isa = PBXFileReference; fileEncoding = 4; lastKnownFileType = sourcecode.c.h; path = Login_AnimatedTransitioningControll.h; sourceTree = "<group>"; };
		65E1879E1DB61DA600857009 /* Login_AnimatedTransitioningControll.m */ = {isa = PBXFileReference; fileEncoding = 4; lastKnownFileType = sourcecode.c.objc; path = Login_AnimatedTransitioningControll.m; sourceTree = "<group>"; };
		65EE41A11D3E13E60092C271 /* PanGestureInteractiveTransition.h */ = {isa = PBXFileReference; fileEncoding = 4; lastKnownFileType = sourcecode.c.h; path = PanGestureInteractiveTransition.h; sourceTree = "<group>"; };
		65EE41A21D3E13E60092C271 /* PanGestureInteractiveTransition.m */ = {isa = PBXFileReference; fileEncoding = 4; lastKnownFileType = sourcecode.c.objc; path = PanGestureInteractiveTransition.m; sourceTree = "<group>"; };
		65EE5A9E1D489090008FBCF7 /* UIColor+Tool.h */ = {isa = PBXFileReference; fileEncoding = 4; lastKnownFileType = sourcecode.c.h; path = "UIColor+Tool.h"; sourceTree = "<group>"; };
		65EE5A9F1D489090008FBCF7 /* UIColor+Tool.m */ = {isa = PBXFileReference; fileEncoding = 4; lastKnownFileType = sourcecode.c.objc; path = "UIColor+Tool.m"; sourceTree = "<group>"; };
		65EE5AA11D4892A1008FBCF7 /* File */ = {isa = PBXFileReference; fileEncoding = 4; lastKnownFileType = text; path = File; sourceTree = "<group>"; };
		65EE5AA31D4892DA008FBCF7 /* CommonTool.h */ = {isa = PBXFileReference; fileEncoding = 4; lastKnownFileType = sourcecode.c.h; path = CommonTool.h; sourceTree = "<group>"; };
		65EE5AA41D4892DA008FBCF7 /* CommonTool.m */ = {isa = PBXFileReference; fileEncoding = 4; lastKnownFileType = sourcecode.c.objc; path = CommonTool.m; sourceTree = "<group>"; };
		65F504E91D227885006C27BA /* LXNetworking.h */ = {isa = PBXFileReference; fileEncoding = 4; lastKnownFileType = sourcecode.c.h; path = LXNetworking.h; sourceTree = "<group>"; };
		65F504EA1D227885006C27BA /* LXNetworking.m */ = {isa = PBXFileReference; fileEncoding = 4; lastKnownFileType = sourcecode.c.objc; path = LXNetworking.m; sourceTree = "<group>"; };
		E86B0DC0BFA16633F41AF06E /* Pods.release.xcconfig */ = {isa = PBXFileReference; includeInIndex = 1; lastKnownFileType = text.xcconfig; name = Pods.release.xcconfig; path = "Pods/Target Support Files/Pods/Pods.release.xcconfig"; sourceTree = "<group>"; };
/* End PBXFileReference section */

/* Begin PBXFrameworksBuildPhase section */
		657217CA1CE2FCF500A04525 /* Frameworks */ = {
			isa = PBXFrameworksBuildPhase;
			buildActionMask = 2147483647;
			files = (
				4CBB0CC385953B2A0AA9B89B /* libPods.a in Frameworks */,
			);
			runOnlyForDeploymentPostprocessing = 0;
		};
		657217E31CE2FCF600A04525 /* Frameworks */ = {
			isa = PBXFrameworksBuildPhase;
			buildActionMask = 2147483647;
			files = (
			);
			runOnlyForDeploymentPostprocessing = 0;
		};
		657217EE1CE2FCF600A04525 /* Frameworks */ = {
			isa = PBXFrameworksBuildPhase;
			buildActionMask = 2147483647;
			files = (
			);
			runOnlyForDeploymentPostprocessing = 0;
		};
/* End PBXFrameworksBuildPhase section */

/* Begin PBXGroup section */
		20F3C005D28072D0F349264D /* Pods */ = {
			isa = PBXGroup;
			children = (
				65C0C7CB48310F60588FD2CE /* Pods.debug.xcconfig */,
				E86B0DC0BFA16633F41AF06E /* Pods.release.xcconfig */,
			);
			name = Pods;
			sourceTree = "<group>";
		};
		650EB7CD1D3C76D800BA4AD7 /* AnimationControllers */ = {
			isa = PBXGroup;
			children = (
				650EB7CE1D3C7F3900BA4AD7 /* BaseAnimatedTransitioningControll.h */,
				650EB7CF1D3C7F3900BA4AD7 /* BaseAnimatedTransitioningControll.m */,
				650EB7E71D3CAE7800BA4AD7 /* SimpleAnimatedControll.h */,
				650EB7E81D3CAE7800BA4AD7 /* SimpleAnimatedControll.m */,
				650EB7EA1D3CC19D00BA4AD7 /* TwoPageControll.h */,
				650EB7EB1D3CC19D00BA4AD7 /* TwoPageControll.m */,
				6590CC461D3F5CBD00FF1F07 /* TestVCAnimatedTransitionController.h */,
				6590CC471D3F5CBD00FF1F07 /* TestVCAnimatedTransitionController.m */,
				65E1879D1DB61DA600857009 /* Login_AnimatedTransitioningControll.h */,
				65E1879E1DB61DA600857009 /* Login_AnimatedTransitioningControll.m */,
			);
			name = AnimationControllers;
			sourceTree = "<group>";
		};
		650EB7ED1D3CDA9400BA4AD7 /* PresentationController */ = {
			isa = PBXGroup;
			children = (
				650EB7EE1D3CDC9500BA4AD7 /* Present2PageControll.h */,
				650EB7EF1D3CDC9500BA4AD7 /* Present2PageControll.m */,
				6590CC351D3F092A00FF1F07 /* SimplePresentationControll.h */,
				6590CC361D3F092A00FF1F07 /* SimplePresentationControll.m */,
				65E1879A1DB619EF00857009 /* Login_PresentController.h */,
				65E1879B1DB619EF00857009 /* Login_PresentController.m */,
			);
			name = PresentationController;
			sourceTree = "<group>";
		};
		651B08141D4AF1740083EBFB /* Images */ = {
			isa = PBXGroup;
			children = (
				651B08151D4AF1740083EBFB /* cell_icons */,
				651B082E1D4AF1740083EBFB /* Discover.xcassets */,
				651B082F1D4AF1740083EBFB /* Home.xcassets */,
				651B08301D4AF1740083EBFB /* icon0.jpg */,
				651B08311D4AF1740083EBFB /* icon1.jpg */,
				651B08321D4AF1740083EBFB /* icon2.jpg */,
				651B08331D4AF1740083EBFB /* icon3.jpg */,
				651B08341D4AF1740083EBFB /* icon4.jpg */,
				651B08351D4AF1740083EBFB /* pbg.jpg */,
				651B08361D4AF1740083EBFB /* pic0.jpg */,
				651B08371D4AF1740083EBFB /* pic1.jpg */,
				651B08381D4AF1740083EBFB /* pic2.jpg */,
				651B08391D4AF1740083EBFB /* pic3.jpg */,
				651B083A1D4AF1740083EBFB /* pic4.jpg */,
				651B083B1D4AF1740083EBFB /* pic5.jpg */,
				651B083C1D4AF1750083EBFB /* pic6.jpg */,
				651B083D1D4AF1750083EBFB /* pic7.jpg */,
				651B083E1D4AF1750083EBFB /* pic8.jpg */,
				651B083F1D4AF1750083EBFB /* picon.jpg */,
				651B08401D4AF1750083EBFB /* test */,
			);
			path = Images;
			sourceTree = "<group>";
		};
		651B08151D4AF1740083EBFB /* cell_icons */ = {
			isa = PBXGroup;
			children = (
				651B08161D4AF1740083EBFB /* 0.jpg */,
				651B08171D4AF1740083EBFB /* 1.jpg */,
				651B08181D4AF1740083EBFB /* 10.jpg */,
				651B08191D4AF1740083EBFB /* 11.jpg */,
				651B081A1D4AF1740083EBFB /* 12.jpg */,
				651B081B1D4AF1740083EBFB /* 13.jpg */,
				651B081C1D4AF1740083EBFB /* 14.jpg */,
				651B081D1D4AF1740083EBFB /* 15.jpg */,
				651B081E1D4AF1740083EBFB /* 16.jpg */,
				651B081F1D4AF1740083EBFB /* 17.jpg */,
				651B08201D4AF1740083EBFB /* 18.jpg */,
				651B08211D4AF1740083EBFB /* 19.jpg */,
				651B08221D4AF1740083EBFB /* 2.jpg */,
				651B08231D4AF1740083EBFB /* 20.jpg */,
				651B08241D4AF1740083EBFB /* 21.jpg */,
				651B08251D4AF1740083EBFB /* 22.jpg */,
				651B08261D4AF1740083EBFB /* 23.jpg */,
				651B08271D4AF1740083EBFB /* 3.jpg */,
				651B08281D4AF1740083EBFB /* 4.jpg */,
				651B08291D4AF1740083EBFB /* 5.jpg */,
				651B082A1D4AF1740083EBFB /* 6.jpg */,
				651B082B1D4AF1740083EBFB /* 7.jpg */,
				651B082C1D4AF1740083EBFB /* 8.jpg */,
				651B082D1D4AF1740083EBFB /* 9.jpg */,
			);
			path = cell_icons;
			sourceTree = "<group>";
		};
		651B08401D4AF1750083EBFB /* test */ = {
			isa = PBXGroup;
			children = (
				651B08411D4AF1750083EBFB /* test0.jpg */,
				651B08421D4AF1750083EBFB /* test1.jpg */,
				651B08431D4AF1750083EBFB /* test2.jpg */,
				651B08441D4AF1750083EBFB /* test3.jpg */,
				651B08451D4AF1750083EBFB /* test4.jpg */,
			);
			path = test;
			sourceTree = "<group>";
		};
		654476B71D001503005659D5 /* SDAutoLayout */ = {
			isa = PBXGroup;
			children = (
				654476B81D001503005659D5 /* UITableView+SDAutoTableViewCellHeight.h */,
				654476B91D001503005659D5 /* UITableView+SDAutoTableViewCellHeight.m */,
				654476BA1D001503005659D5 /* UIView+SDAutoLayout.h */,
				654476BB1D001503005659D5 /* UIView+SDAutoLayout.m */,
			);
			path = SDAutoLayout;
			sourceTree = "<group>";
		};
		654DA1771CE42C8800CFF129 /* storyboard1 */ = {
			isa = PBXGroup;
			children = (
				657217D61CE2FCF600A04525 /* ViewController.h */,
				657217D71CE2FCF600A04525 /* ViewController.m */,
				657217D91CE2FCF600A04525 /* Main.storyboard */,
				654B4B101D0EB9E00064B637 /* ViewController2.h */,
				654B4B111D0EB9E00064B637 /* ViewController2.m */,
			);
			name = storyboard1;
			sourceTree = "<group>";
		};
		654DA1781CE42CAB00CFF129 /* storyboard2 */ = {
			isa = PBXGroup;
			children = (
				654DA17A1CE42CDC00CFF129 /* Storyboard2.storyboard */,
				654DA17F1CE42D7800CFF129 /* Main_Sb2.h */,
				654DA1801CE42D7800CFF129 /* Main_Sb2.m */,
				65B0E2CB1D34B5FF004F948C /* SB2_ViewController.h */,
				65B0E2CC1D34B5FF004F948C /* SB2_ViewController.m */,
				6590CC381D3F246D00FF1F07 /* TestViewController.h */,
				6590CC391D3F246D00FF1F07 /* TestViewController.m */,
				6590CC3A1D3F246D00FF1F07 /* TestViewController.xib */,
			);
			name = storyboard2;
			sourceTree = "<group>";
		};
		654DA1791CE42CB500CFF129 /* storyboard3 */ = {
			isa = PBXGroup;
			children = (
				65918B8E1D51C28A009DA4AE /* Models */,
				654476BE1D00152E005659D5 /* Storyboard3.storyboard */,
				654476C01D0015AD005659D5 /* Main_ViewController.h */,
				654476C11D0015AD005659D5 /* Main_ViewController.m */,
				658D55431D4704D4007B8788 /* CustomTableViewCell.h */,
				658D55441D4704D4007B8788 /* CustomTableViewCell.m */,
				65449AD31D4F22FF0060D068 /* CustomTableViewCell2.h */,
				65449AD41D4F22FF0060D068 /* CustomTableViewCell2.m */,
			);
			name = storyboard3;
			sourceTree = "<group>";
		};
		654DA1851CE46E5100CFF129 /* Views */ = {
			isa = PBXGroup;
			children = (
				65DA0F7B1CE573AC00B64405 /* DGEarthView.h */,
				65DA0F7C1CE573AC00B64405 /* DGEarthView.m */,
				65DA0F781CE5735700B64405 /* DGAaimaView.h */,
				65DA0F791CE5735700B64405 /* DGAaimaView.m */,
				65DA0F751CE570A300B64405 /* LaunchView.h */,
				65DA0F761CE570A300B64405 /* LaunchView.m */,
			);
			name = Views;
			sourceTree = "<group>";
		};
		657217C41CE2FCF500A04525 = {
			isa = PBXGroup;
			children = (
				657217CF1CE2FCF500A04525 /* TabBarTemplate-OC */,
				657217E91CE2FCF600A04525 /* TabBarTemplate-OCTests */,
				657217F41CE2FCF600A04525 /* TabBarTemplate-OCUITests */,
				657217CE1CE2FCF500A04525 /* Products */,
				657218031CE2FE7500A04525 /* Frameworks */,
				20F3C005D28072D0F349264D /* Pods */,
			);
			sourceTree = "<group>";
		};
		657217CE1CE2FCF500A04525 /* Products */ = {
			isa = PBXGroup;
			children = (
				657217CD1CE2FCF500A04525 /* TabBarTemplate-OC.app */,
				657217E61CE2FCF600A04525 /* TabBarTemplate-OCTests.xctest */,
				657217F11CE2FCF600A04525 /* TabBarTemplate-OCUITests.xctest */,
			);
			name = Products;
			sourceTree = "<group>";
		};
		657217CF1CE2FCF500A04525 /* TabBarTemplate-OC */ = {
			isa = PBXGroup;
			children = (
				6590CC3D1D3F4E7600FF1F07 /* Protocol */,
				65EE41A01D3E117F0092C271 /* InteractionControllers */,
				650EB7ED1D3CDA9400BA4AD7 /* PresentationController */,
				650EB7CD1D3C76D800BA4AD7 /* AnimationControllers */,
				654DA1851CE46E5100CFF129 /* Views */,
				654DA1791CE42CB500CFF129 /* storyboard3 */,
				654DA1781CE42CAB00CFF129 /* storyboard2 */,
				654DA1771CE42C8800CFF129 /* storyboard1 */,
				6572180F1CE32EBA00A04525 /* Controllers */,
				657218071CE3049600A04525 /* Utils */,
				657218061CE302BC00A04525 /* 3rdLibs */,
				657217D31CE2FCF600A04525 /* AppDelegate.h */,
				657217D41CE2FCF600A04525 /* AppDelegate.m */,
				657217DC1CE2FCF600A04525 /* Assets.xcassets */,
				657217DE1CE2FCF600A04525 /* LaunchScreen.storyboard */,
				654DA1821CE46E3400CFF129 /* LaunchScreenVC.h */,
				654DA1831CE46E3400CFF129 /* LaunchScreenVC.m */,
				657217E11CE2FCF600A04525 /* Info.plist */,
				657217D01CE2FCF500A04525 /* Supporting Files */,
			);
			path = "TabBarTemplate-OC";
			sourceTree = "<group>";
		};
		657217D01CE2FCF500A04525 /* Supporting Files */ = {
			isa = PBXGroup;
			children = (
				651B08141D4AF1740083EBFB /* Images */,
				657217D11CE2FCF500A04525 /* main.m */,
				657218051CE3018D00A04525 /* PrefixHeader.pch */,
			);
			name = "Supporting Files";
			sourceTree = "<group>";
		};
		657217E91CE2FCF600A04525 /* TabBarTemplate-OCTests */ = {
			isa = PBXGroup;
			children = (
				657217EA1CE2FCF600A04525 /* TabBarTemplate_OCTests.m */,
				657217EC1CE2FCF600A04525 /* Info.plist */,
			);
			path = "TabBarTemplate-OCTests";
			sourceTree = "<group>";
		};
		657217F41CE2FCF600A04525 /* TabBarTemplate-OCUITests */ = {
			isa = PBXGroup;
			children = (
				657217F51CE2FCF600A04525 /* TabBarTemplate_OCUITests.m */,
				657217F71CE2FCF600A04525 /* Info.plist */,
			);
			path = "TabBarTemplate-OCUITests";
			sourceTree = "<group>";
		};
		657218031CE2FE7500A04525 /* Frameworks */ = {
			isa = PBXGroup;
			children = (
				519BF7C0CC0CC067CFFCD395 /* libPods.a */,
			);
			name = Frameworks;
			sourceTree = "<group>";
		};
		657218061CE302BC00A04525 /* 3rdLibs */ = {
			isa = PBXGroup;
			children = (
				654476B71D001503005659D5 /* SDAutoLayout */,
			);
			name = 3rdLibs;
			sourceTree = "<group>";
		};
		657218071CE3049600A04525 /* Utils */ = {
			isa = PBXGroup;
			children = (
				65C880351DB4BFAF0049B5A5 /* UIImage+FKCategory.h */,
				65C880361DB4BFAF0049B5A5 /* UIImage+FKCategory.m */,
				65C880321DB4B33F0049B5A5 /* UIImageEffects.h */,
				65C880331DB4B33F0049B5A5 /* UIImageEffects.m */,
				65F504E91D227885006C27BA /* LXNetworking.h */,
				65F504EA1D227885006C27BA /* LXNetworking.m */,
				657218091CE3198400A04525 /* AuxFileManage.h */,
				6572180A1CE3198400A04525 /* AuxFileManage.m */,
				6572180C1CE31A1500A04525 /* AuxDBOperation.h */,
				6572180D1CE31A1500A04525 /* AuxDBOperation.m */,
				65EE5A9E1D489090008FBCF7 /* UIColor+Tool.h */,
				65EE5A9F1D489090008FBCF7 /* UIColor+Tool.m */,
				65EE5AA11D4892A1008FBCF7 /* File */,
				65EE5AA31D4892DA008FBCF7 /* CommonTool.h */,
				65EE5AA41D4892DA008FBCF7 /* CommonTool.m */,
			);
			name = Utils;
			sourceTree = "<group>";
		};
		6572180F1CE32EBA00A04525 /* Controllers */ = {
			isa = PBXGroup;
			children = (
				657218101CE32FAF00A04525 /* BaseTabBarController.h */,
				657218111CE32FAF00A04525 /* BaseTabBarController.m */,
				653F13CA1DB4765D000FED51 /* Login_VC.h */,
				653F13CB1DB4765D000FED51 /* Login_VC.m */,
				653F13CC1DB4765D000FED51 /* Login_VC.xib */,
			);
			name = Controllers;
			sourceTree = "<group>";
		};
		6590CC3D1D3F4E7600FF1F07 /* Protocol */ = {
			isa = PBXGroup;
			children = (
				6590CC451D3F51AB00FF1F07 /* DismissViewControllerProtocol.h */,
			);
			name = Protocol;
			sourceTree = "<group>";
		};
		65918B8E1D51C28A009DA4AE /* Models */ = {
			isa = PBXGroup;
			children = (
				65918B8F1D51C2E6009DA4AE /* CellStatusEntity.h */,
				65918B901D51C2E6009DA4AE /* CellStatusEntity.m */,
			);
			name = Models;
			sourceTree = "<group>";
		};
		65EE41A01D3E117F0092C271 /* InteractionControllers */ = {
			isa = PBXGroup;
			children = (
				65EE41A11D3E13E60092C271 /* PanGestureInteractiveTransition.h */,
				65EE41A21D3E13E60092C271 /* PanGestureInteractiveTransition.m */,
			);
			name = InteractionControllers;
			sourceTree = "<group>";
		};
/* End PBXGroup section */

/* Begin PBXNativeTarget section */
		657217CC1CE2FCF500A04525 /* TabBarTemplate-OC */ = {
			isa = PBXNativeTarget;
			buildConfigurationList = 657217FA1CE2FCF600A04525 /* Build configuration list for PBXNativeTarget "TabBarTemplate-OC" */;
			buildPhases = (
				57FF7EF08E0776FF29201399 /* Check Pods Manifest.lock */,
				657217C91CE2FCF500A04525 /* Sources */,
				657217CA1CE2FCF500A04525 /* Frameworks */,
				657217CB1CE2FCF500A04525 /* Resources */,
				2742B87BFC014EB8A6EA165F /* Embed Pods Frameworks */,
				82C99AB70A84EE817ACFBB72 /* Copy Pods Resources */,
			);
			buildRules = (
			);
			dependencies = (
			);
			name = "TabBarTemplate-OC";
			productName = "TabBarTemplate-OC";
			productReference = 657217CD1CE2FCF500A04525 /* TabBarTemplate-OC.app */;
			productType = "com.apple.product-type.application";
		};
		657217E51CE2FCF600A04525 /* TabBarTemplate-OCTests */ = {
			isa = PBXNativeTarget;
			buildConfigurationList = 657217FD1CE2FCF600A04525 /* Build configuration list for PBXNativeTarget "TabBarTemplate-OCTests" */;
			buildPhases = (
				657217E21CE2FCF600A04525 /* Sources */,
				657217E31CE2FCF600A04525 /* Frameworks */,
				657217E41CE2FCF600A04525 /* Resources */,
			);
			buildRules = (
			);
			dependencies = (
				657217E81CE2FCF600A04525 /* PBXTargetDependency */,
			);
			name = "TabBarTemplate-OCTests";
			productName = "TabBarTemplate-OCTests";
			productReference = 657217E61CE2FCF600A04525 /* TabBarTemplate-OCTests.xctest */;
			productType = "com.apple.product-type.bundle.unit-test";
		};
		657217F01CE2FCF600A04525 /* TabBarTemplate-OCUITests */ = {
			isa = PBXNativeTarget;
			buildConfigurationList = 657218001CE2FCF600A04525 /* Build configuration list for PBXNativeTarget "TabBarTemplate-OCUITests" */;
			buildPhases = (
				657217ED1CE2FCF600A04525 /* Sources */,
				657217EE1CE2FCF600A04525 /* Frameworks */,
				657217EF1CE2FCF600A04525 /* Resources */,
			);
			buildRules = (
			);
			dependencies = (
				657217F31CE2FCF600A04525 /* PBXTargetDependency */,
			);
			name = "TabBarTemplate-OCUITests";
			productName = "TabBarTemplate-OCUITests";
			productReference = 657217F11CE2FCF600A04525 /* TabBarTemplate-OCUITests.xctest */;
			productType = "com.apple.product-type.bundle.ui-testing";
		};
/* End PBXNativeTarget section */

/* Begin PBXProject section */
		657217C51CE2FCF500A04525 /* Project object */ = {
			isa = PBXProject;
			attributes = {
				CLASSPREFIX = SJL;
				LastUpgradeCheck = 0730;
				ORGANIZATIONNAME = suojl;
				TargetAttributes = {
					657217CC1CE2FCF500A04525 = {
						CreatedOnToolsVersion = 7.3;
						DevelopmentTeam = 9R6K2YQ2VF;
						ProvisioningStyle = Manual;
					};
					657217E51CE2FCF600A04525 = {
						CreatedOnToolsVersion = 7.3;
						TestTargetID = 657217CC1CE2FCF500A04525;
					};
					657217F01CE2FCF600A04525 = {
						CreatedOnToolsVersion = 7.3;
						TestTargetID = 657217CC1CE2FCF500A04525;
					};
				};
			};
			buildConfigurationList = 657217C81CE2FCF500A04525 /* Build configuration list for PBXProject "TabBarTemplate-OC" */;
			compatibilityVersion = "Xcode 3.2";
			developmentRegion = English;
			hasScannedForEncodings = 0;
			knownRegions = (
				en,
				Base,
			);
			mainGroup = 657217C41CE2FCF500A04525;
			productRefGroup = 657217CE1CE2FCF500A04525 /* Products */;
			projectDirPath = "";
			projectRoot = "";
			targets = (
				657217CC1CE2FCF500A04525 /* TabBarTemplate-OC */,
				657217E51CE2FCF600A04525 /* TabBarTemplate-OCTests */,
				657217F01CE2FCF600A04525 /* TabBarTemplate-OCUITests */,
			);
		};
/* End PBXProject section */

/* Begin PBXResourcesBuildPhase section */
		657217CB1CE2FCF500A04525 /* Resources */ = {
			isa = PBXResourcesBuildPhase;
			buildActionMask = 2147483647;
			files = (
				651B085C1D4AF1750083EBFB /* 8.jpg in Resources */,
				651B084F1D4AF1750083EBFB /* 17.jpg in Resources */,
				651B08721D4AF1750083EBFB /* test2.jpg in Resources */,
				651B08551D4AF1750083EBFB /* 22.jpg in Resources */,
				653F13CE1DB4765D000FED51 /* Login_VC.xib in Resources */,
				651B086A1D4AF1750083EBFB /* pic4.jpg in Resources */,
				651B085D1D4AF1750083EBFB /* 9.jpg in Resources */,
				651B086F1D4AF1750083EBFB /* picon.jpg in Resources */,
				651B08561D4AF1750083EBFB /* 23.jpg in Resources */,
				651B08741D4AF1750083EBFB /* test4.jpg in Resources */,
				651B08591D4AF1750083EBFB /* 5.jpg in Resources */,
				651B084B1D4AF1750083EBFB /* 13.jpg in Resources */,
				651B08631D4AF1750083EBFB /* icon3.jpg in Resources */,
				651B08521D4AF1750083EBFB /* 2.jpg in Resources */,
				651B08611D4AF1750083EBFB /* icon1.jpg in Resources */,
				651B08571D4AF1750083EBFB /* 3.jpg in Resources */,
				651B08661D4AF1750083EBFB /* pic0.jpg in Resources */,
				651B086C1D4AF1750083EBFB /* pic6.jpg in Resources */,
				651B08491D4AF1750083EBFB /* 11.jpg in Resources */,
				651B085B1D4AF1750083EBFB /* 7.jpg in Resources */,
				651B08641D4AF1750083EBFB /* icon4.jpg in Resources */,
				651B08481D4AF1750083EBFB /* 10.jpg in Resources */,
				651B085E1D4AF1750083EBFB /* Discover.xcassets in Resources */,
				651B08701D4AF1750083EBFB /* test0.jpg in Resources */,
				654DA17B1CE42CDC00CFF129 /* Storyboard2.storyboard in Resources */,
				654476BF1D00152E005659D5 /* Storyboard3.storyboard in Resources */,
				651B08601D4AF1750083EBFB /* icon0.jpg in Resources */,
				651B084D1D4AF1750083EBFB /* 15.jpg in Resources */,
				65EE5AA21D4892A1008FBCF7 /* File in Resources */,
				651B085F1D4AF1750083EBFB /* Home.xcassets in Resources */,
				651B08581D4AF1750083EBFB /* 4.jpg in Resources */,
				651B08671D4AF1750083EBFB /* pic1.jpg in Resources */,
				651B085A1D4AF1750083EBFB /* 6.jpg in Resources */,
				651B08511D4AF1750083EBFB /* 19.jpg in Resources */,
				651B08541D4AF1750083EBFB /* 21.jpg in Resources */,
				657217E01CE2FCF600A04525 /* LaunchScreen.storyboard in Resources */,
				651B08461D4AF1750083EBFB /* 0.jpg in Resources */,
				651B086B1D4AF1750083EBFB /* pic5.jpg in Resources */,
				657217DD1CE2FCF600A04525 /* Assets.xcassets in Resources */,
				651B08731D4AF1750083EBFB /* test3.jpg in Resources */,
				651B084A1D4AF1750083EBFB /* 12.jpg in Resources */,
				651B08651D4AF1750083EBFB /* pbg.jpg in Resources */,
				651B08531D4AF1750083EBFB /* 20.jpg in Resources */,
				651B084C1D4AF1750083EBFB /* 14.jpg in Resources */,
				651B086D1D4AF1750083EBFB /* pic7.jpg in Resources */,
				651B084E1D4AF1750083EBFB /* 16.jpg in Resources */,
				651B08501D4AF1750083EBFB /* 18.jpg in Resources */,
				651B08691D4AF1750083EBFB /* pic3.jpg in Resources */,
				651B08681D4AF1750083EBFB /* pic2.jpg in Resources */,
				651B086E1D4AF1750083EBFB /* pic8.jpg in Resources */,
				651B08471D4AF1750083EBFB /* 1.jpg in Resources */,
				651B08711D4AF1750083EBFB /* test1.jpg in Resources */,
				6590CC3C1D3F246E00FF1F07 /* TestViewController.xib in Resources */,
				657217DB1CE2FCF600A04525 /* Main.storyboard in Resources */,
				651B08621D4AF1750083EBFB /* icon2.jpg in Resources */,
			);
			runOnlyForDeploymentPostprocessing = 0;
		};
		657217E41CE2FCF600A04525 /* Resources */ = {
			isa = PBXResourcesBuildPhase;
			buildActionMask = 2147483647;
			files = (
			);
			runOnlyForDeploymentPostprocessing = 0;
		};
		657217EF1CE2FCF600A04525 /* Resources */ = {
			isa = PBXResourcesBuildPhase;
			buildActionMask = 2147483647;
			files = (
			);
			runOnlyForDeploymentPostprocessing = 0;
		};
/* End PBXResourcesBuildPhase section */

/* Begin PBXShellScriptBuildPhase section */
		2742B87BFC014EB8A6EA165F /* Embed Pods Frameworks */ = {
			isa = PBXShellScriptBuildPhase;
			buildActionMask = 2147483647;
			files = (
			);
			inputPaths = (
			);
			name = "Embed Pods Frameworks";
			outputPaths = (
			);
			runOnlyForDeploymentPostprocessing = 0;
			shellPath = /bin/sh;
			shellScript = "\"${SRCROOT}/Pods/Target Support Files/Pods/Pods-frameworks.sh\"\n";
			showEnvVarsInLog = 0;
		};
		57FF7EF08E0776FF29201399 /* Check Pods Manifest.lock */ = {
			isa = PBXShellScriptBuildPhase;
			buildActionMask = 2147483647;
			files = (
			);
			inputPaths = (
			);
			name = "Check Pods Manifest.lock";
			outputPaths = (
			);
			runOnlyForDeploymentPostprocessing = 0;
			shellPath = /bin/sh;
			shellScript = "diff \"${PODS_ROOT}/../Podfile.lock\" \"${PODS_ROOT}/Manifest.lock\" > /dev/null\nif [[ $? != 0 ]] ; then\n    cat << EOM\nerror: The sandbox is not in sync with the Podfile.lock. Run 'pod install' or update your CocoaPods installation.\nEOM\n    exit 1\nfi\n";
			showEnvVarsInLog = 0;
		};
		82C99AB70A84EE817ACFBB72 /* Copy Pods Resources */ = {
			isa = PBXShellScriptBuildPhase;
			buildActionMask = 2147483647;
			files = (
			);
			inputPaths = (
			);
			name = "Copy Pods Resources";
			outputPaths = (
			);
			runOnlyForDeploymentPostprocessing = 0;
			shellPath = /bin/sh;
			shellScript = "\"${SRCROOT}/Pods/Target Support Files/Pods/Pods-resources.sh\"\n";
			showEnvVarsInLog = 0;
		};
/* End PBXShellScriptBuildPhase section */

/* Begin PBXSourcesBuildPhase section */
		657217C91CE2FCF500A04525 /* Sources */ = {
			isa = PBXSourcesBuildPhase;
			buildActionMask = 2147483647;
			files = (
				65B0E2CD1D34B600004F948C /* SB2_ViewController.m in Sources */,
				654DA1811CE42D7800CFF129 /* Main_Sb2.m in Sources */,
				65DA0F7D1CE573AC00B64405 /* DGEarthView.m in Sources */,
				654B4B121D0EB9E00064B637 /* ViewController2.m in Sources */,
				65DA0F771CE570A300B64405 /* LaunchView.m in Sources */,
				6590CC481D3F5CBD00FF1F07 /* TestVCAnimatedTransitionController.m in Sources */,
				657217D81CE2FCF600A04525 /* ViewController.m in Sources */,
				6590CC3B1D3F246E00FF1F07 /* TestViewController.m in Sources */,
				65F504EB1D227885006C27BA /* LXNetworking.m in Sources */,
				650EB7E91D3CAE7800BA4AD7 /* SimpleAnimatedControll.m in Sources */,
				6572180E1CE31A1500A04525 /* AuxDBOperation.m in Sources */,
				6572180B1CE3198400A04525 /* AuxFileManage.m in Sources */,
				65C880341DB4B33F0049B5A5 /* UIImageEffects.m in Sources */,
				658D55451D4704D4007B8788 /* CustomTableViewCell.m in Sources */,
				65EE5AA51D4892DA008FBCF7 /* CommonTool.m in Sources */,
				65918B911D51C2E6009DA4AE /* CellStatusEntity.m in Sources */,
				65DA0F7A1CE5735700B64405 /* DGAaimaView.m in Sources */,
				657217D51CE2FCF600A04525 /* AppDelegate.m in Sources */,
				65449AD51D4F22FF0060D068 /* CustomTableViewCell2.m in Sources */,
				650EB7EC1D3CC19D00BA4AD7 /* TwoPageControll.m in Sources */,
				653F13CD1DB4765D000FED51 /* Login_VC.m in Sources */,
				65E1879C1DB619EF00857009 /* Login_PresentController.m in Sources */,
				65C880371DB4BFAF0049B5A5 /* UIImage+FKCategory.m in Sources */,
				657218131CE32FAF00A04525 /* BaseTabBarController.m in Sources */,
				650EB7D01D3C7F3900BA4AD7 /* BaseAnimatedTransitioningControll.m in Sources */,
				650EB7F01D3CDC9500BA4AD7 /* Present2PageControll.m in Sources */,
				657217D21CE2FCF600A04525 /* main.m in Sources */,
				654476BD1D001503005659D5 /* UIView+SDAutoLayout.m in Sources */,
				654476C21D0015AD005659D5 /* Main_ViewController.m in Sources */,
				65EE41A31D3E13E60092C271 /* PanGestureInteractiveTransition.m in Sources */,
				6590CC371D3F092A00FF1F07 /* SimplePresentationControll.m in Sources */,
				65E1879F1DB61DA600857009 /* Login_AnimatedTransitioningControll.m in Sources */,
				654476BC1D001503005659D5 /* UITableView+SDAutoTableViewCellHeight.m in Sources */,
				654DA1841CE46E3400CFF129 /* LaunchScreenVC.m in Sources */,
				65EE5AA01D489090008FBCF7 /* UIColor+Tool.m in Sources */,
			);
			runOnlyForDeploymentPostprocessing = 0;
		};
		657217E21CE2FCF600A04525 /* Sources */ = {
			isa = PBXSourcesBuildPhase;
			buildActionMask = 2147483647;
			files = (
				657217EB1CE2FCF600A04525 /* TabBarTemplate_OCTests.m in Sources */,
			);
			runOnlyForDeploymentPostprocessing = 0;
		};
		657217ED1CE2FCF600A04525 /* Sources */ = {
			isa = PBXSourcesBuildPhase;
			buildActionMask = 2147483647;
			files = (
				657217F61CE2FCF600A04525 /* TabBarTemplate_OCUITests.m in Sources */,
			);
			runOnlyForDeploymentPostprocessing = 0;
		};
/* End PBXSourcesBuildPhase section */

/* Begin PBXTargetDependency section */
		657217E81CE2FCF600A04525 /* PBXTargetDependency */ = {
			isa = PBXTargetDependency;
			target = 657217CC1CE2FCF500A04525 /* TabBarTemplate-OC */;
			targetProxy = 657217E71CE2FCF600A04525 /* PBXContainerItemProxy */;
		};
		657217F31CE2FCF600A04525 /* PBXTargetDependency */ = {
			isa = PBXTargetDependency;
			target = 657217CC1CE2FCF500A04525 /* TabBarTemplate-OC */;
			targetProxy = 657217F21CE2FCF600A04525 /* PBXContainerItemProxy */;
		};
/* End PBXTargetDependency section */

/* Begin PBXVariantGroup section */
		657217D91CE2FCF600A04525 /* Main.storyboard */ = {
			isa = PBXVariantGroup;
			children = (
				657217DA1CE2FCF600A04525 /* Base */,
			);
			name = Main.storyboard;
			sourceTree = "<group>";
		};
		657217DE1CE2FCF600A04525 /* LaunchScreen.storyboard */ = {
			isa = PBXVariantGroup;
			children = (
				657217DF1CE2FCF600A04525 /* Base */,
			);
			name = LaunchScreen.storyboard;
			sourceTree = "<group>";
		};
/* End PBXVariantGroup section */

/* Begin XCBuildConfiguration section */
		657217F81CE2FCF600A04525 /* Debug */ = {
			isa = XCBuildConfiguration;
			buildSettings = {
				ALWAYS_SEARCH_USER_PATHS = NO;
				CLANG_ANALYZER_NONNULL = YES;
				CLANG_CXX_LANGUAGE_STANDARD = "gnu++0x";
				CLANG_CXX_LIBRARY = "libc++";
				CLANG_ENABLE_MODULES = YES;
				CLANG_ENABLE_OBJC_ARC = YES;
				CLANG_WARN_BOOL_CONVERSION = YES;
				CLANG_WARN_CONSTANT_CONVERSION = YES;
				CLANG_WARN_DIRECT_OBJC_ISA_USAGE = YES_ERROR;
				CLANG_WARN_EMPTY_BODY = YES;
				CLANG_WARN_ENUM_CONVERSION = YES;
				CLANG_WARN_INT_CONVERSION = YES;
				CLANG_WARN_OBJC_ROOT_CLASS = YES_ERROR;
				CLANG_WARN_UNREACHABLE_CODE = YES;
				CLANG_WARN__DUPLICATE_METHOD_MATCH = YES;
				"CODE_SIGN_IDENTITY[sdk=iphoneos*]" = "iPhone Developer";
				COPY_PHASE_STRIP = NO;
				DEBUG_INFORMATION_FORMAT = dwarf;
				ENABLE_STRICT_OBJC_MSGSEND = YES;
				ENABLE_TESTABILITY = YES;
				GCC_C_LANGUAGE_STANDARD = gnu99;
				GCC_DYNAMIC_NO_PIC = NO;
				GCC_NO_COMMON_BLOCKS = YES;
				GCC_OPTIMIZATION_LEVEL = 0;
				GCC_PREPROCESSOR_DEFINITIONS = (
					"DEBUG=1",
					"$(inherited)",
				);
				GCC_WARN_64_TO_32_BIT_CONVERSION = YES;
				GCC_WARN_ABOUT_RETURN_TYPE = YES_ERROR;
				GCC_WARN_UNDECLARED_SELECTOR = YES;
				GCC_WARN_UNINITIALIZED_AUTOS = YES_AGGRESSIVE;
				GCC_WARN_UNUSED_FUNCTION = YES;
				GCC_WARN_UNUSED_VARIABLE = YES;
				IPHONEOS_DEPLOYMENT_TARGET = 9.3;
				MTL_ENABLE_DEBUG_INFO = YES;
				ONLY_ACTIVE_ARCH = YES;
				SDKROOT = iphoneos;
				TARGETED_DEVICE_FAMILY = "1,2";
			};
			name = Debug;
		};
		657217F91CE2FCF600A04525 /* Release */ = {
			isa = XCBuildConfiguration;
			buildSettings = {
				ALWAYS_SEARCH_USER_PATHS = NO;
				CLANG_ANALYZER_NONNULL = YES;
				CLANG_CXX_LANGUAGE_STANDARD = "gnu++0x";
				CLANG_CXX_LIBRARY = "libc++";
				CLANG_ENABLE_MODULES = YES;
				CLANG_ENABLE_OBJC_ARC = YES;
				CLANG_WARN_BOOL_CONVERSION = YES;
				CLANG_WARN_CONSTANT_CONVERSION = YES;
				CLANG_WARN_DIRECT_OBJC_ISA_USAGE = YES_ERROR;
				CLANG_WARN_EMPTY_BODY = YES;
				CLANG_WARN_ENUM_CONVERSION = YES;
				CLANG_WARN_INT_CONVERSION = YES;
				CLANG_WARN_OBJC_ROOT_CLASS = YES_ERROR;
				CLANG_WARN_UNREACHABLE_CODE = YES;
				CLANG_WARN__DUPLICATE_METHOD_MATCH = YES;
				"CODE_SIGN_IDENTITY[sdk=iphoneos*]" = "iPhone Developer";
				COPY_PHASE_STRIP = NO;
				DEBUG_INFORMATION_FORMAT = "dwarf-with-dsym";
				ENABLE_NS_ASSERTIONS = NO;
				ENABLE_STRICT_OBJC_MSGSEND = YES;
				GCC_C_LANGUAGE_STANDARD = gnu99;
				GCC_NO_COMMON_BLOCKS = YES;
				GCC_WARN_64_TO_32_BIT_CONVERSION = YES;
				GCC_WARN_ABOUT_RETURN_TYPE = YES_ERROR;
				GCC_WARN_UNDECLARED_SELECTOR = YES;
				GCC_WARN_UNINITIALIZED_AUTOS = YES_AGGRESSIVE;
				GCC_WARN_UNUSED_FUNCTION = YES;
				GCC_WARN_UNUSED_VARIABLE = YES;
				IPHONEOS_DEPLOYMENT_TARGET = 9.3;
				MTL_ENABLE_DEBUG_INFO = NO;
				SDKROOT = iphoneos;
				TARGETED_DEVICE_FAMILY = "1,2";
				VALIDATE_PRODUCT = YES;
			};
			name = Release;
		};
		657217FB1CE2FCF600A04525 /* Debug */ = {
			isa = XCBuildConfiguration;
			baseConfigurationReference = 65C0C7CB48310F60588FD2CE /* Pods.debug.xcconfig */;
			buildSettings = {
				ASSETCATALOG_COMPILER_APPICON_NAME = AppIcon;
				CODE_SIGN_IDENTITY = "iPhone Developer: zhang chunyun (53ZT864Y45)";
				"CODE_SIGN_IDENTITY[sdk=iphoneos*]" = "iPhone Developer";
				DEVELOPMENT_TEAM = 9R6K2YQ2VF;
				GCC_PREFIX_HEADER = "TabBarTemplate-OC/PrefixHeader.pch";
				INFOPLIST_FILE = "TabBarTemplate-OC/Info.plist";
				IPHONEOS_DEPLOYMENT_TARGET = 8.0;
				LD_RUNPATH_SEARCH_PATHS = "$(inherited) @executable_path/Frameworks";
				PRODUCT_BUNDLE_IDENTIFIER = "com.isoftstone.innovationCenter.TabBarTemplate-OC";
				PRODUCT_NAME = "$(TARGET_NAME)";
				PROVISIONING_PROFILE = "a6da136e-e71f-4e2f-ab9c-f809b2eda78a";
				PROVISIONING_PROFILE_SPECIFIER = MultiAppProfile;
			};
			name = Debug;
		};
		657217FC1CE2FCF600A04525 /* Release */ = {
			isa = XCBuildConfiguration;
			baseConfigurationReference = E86B0DC0BFA16633F41AF06E /* Pods.release.xcconfig */;
			buildSettings = {
				ASSETCATALOG_COMPILER_APPICON_NAME = AppIcon;
				CODE_SIGN_IDENTITY = "iPhone Developer: zhang chunyun (53ZT864Y45)";
				"CODE_SIGN_IDENTITY[sdk=iphoneos*]" = "iPhone Developer";
				DEVELOPMENT_TEAM = 9R6K2YQ2VF;
				GCC_PREFIX_HEADER = "TabBarTemplate-OC/PrefixHeader.pch";
				INFOPLIST_FILE = "TabBarTemplate-OC/Info.plist";
				IPHONEOS_DEPLOYMENT_TARGET = 8.0;
				LD_RUNPATH_SEARCH_PATHS = "$(inherited) @executable_path/Frameworks";
				PRODUCT_BUNDLE_IDENTIFIER = "com.isoftstone.innovationCenter.TabBarTemplate-OC";
				PRODUCT_NAME = "$(TARGET_NAME)";
				PROVISIONING_PROFILE = "a6da136e-e71f-4e2f-ab9c-f809b2eda78a";
				PROVISIONING_PROFILE_SPECIFIER = MultiAppProfile;
			};
			name = Release;
		};
		657217FE1CE2FCF600A04525 /* Debug */ = {
			isa = XCBuildConfiguration;
			buildSettings = {
				BUNDLE_LOADER = "$(TEST_HOST)";
				INFOPLIST_FILE = "TabBarTemplate-OCTests/Info.plist";
				LD_RUNPATH_SEARCH_PATHS = "$(inherited) @executable_path/Frameworks @loader_path/Frameworks";
				PRODUCT_BUNDLE_IDENTIFIER = "iSoftStone.TabBarTemplate-OCTests";
				PRODUCT_NAME = "$(TARGET_NAME)";
				TEST_HOST = "$(BUILT_PRODUCTS_DIR)/TabBarTemplate-OC.app/TabBarTemplate-OC";
			};
			name = Debug;
		};
		657217FF1CE2FCF600A04525 /* Release */ = {
			isa = XCBuildConfiguration;
			buildSettings = {
				BUNDLE_LOADER = "$(TEST_HOST)";
				INFOPLIST_FILE = "TabBarTemplate-OCTests/Info.plist";
				LD_RUNPATH_SEARCH_PATHS = "$(inherited) @executable_path/Frameworks @loader_path/Frameworks";
				PRODUCT_BUNDLE_IDENTIFIER = "iSoftStone.TabBarTemplate-OCTests";
				PRODUCT_NAME = "$(TARGET_NAME)";
				TEST_HOST = "$(BUILT_PRODUCTS_DIR)/TabBarTemplate-OC.app/TabBarTemplate-OC";
			};
			name = Release;
		};
		657218011CE2FCF600A04525 /* Debug */ = {
			isa = XCBuildConfiguration;
			buildSettings = {
				INFOPLIST_FILE = "TabBarTemplate-OCUITests/Info.plist";
				LD_RUNPATH_SEARCH_PATHS = "$(inherited) @executable_path/Frameworks @loader_path/Frameworks";
				PRODUCT_BUNDLE_IDENTIFIER = "iSoftStone.TabBarTemplate-OCUITests";
				PRODUCT_NAME = "$(TARGET_NAME)";
				TEST_TARGET_NAME = "TabBarTemplate-OC";
			};
			name = Debug;
		};
		657218021CE2FCF600A04525 /* Release */ = {
			isa = XCBuildConfiguration;
			buildSettings = {
				INFOPLIST_FILE = "TabBarTemplate-OCUITests/Info.plist";
				LD_RUNPATH_SEARCH_PATHS = "$(inherited) @executable_path/Frameworks @loader_path/Frameworks";
				PRODUCT_BUNDLE_IDENTIFIER = "iSoftStone.TabBarTemplate-OCUITests";
				PRODUCT_NAME = "$(TARGET_NAME)";
				TEST_TARGET_NAME = "TabBarTemplate-OC";
			};
			name = Release;
		};
/* End XCBuildConfiguration section */

/* Begin XCConfigurationList section */
		657217C81CE2FCF500A04525 /* Build configuration list for PBXProject "TabBarTemplate-OC" */ = {
			isa = XCConfigurationList;
			buildConfigurations = (
				657217F81CE2FCF600A04525 /* Debug */,
				657217F91CE2FCF600A04525 /* Release */,
			);
			defaultConfigurationIsVisible = 0;
			defaultConfigurationName = Release;
		};
		657217FA1CE2FCF600A04525 /* Build configuration list for PBXNativeTarget "TabBarTemplate-OC" */ = {
			isa = XCConfigurationList;
			buildConfigurations = (
				657217FB1CE2FCF600A04525 /* Debug */,
				657217FC1CE2FCF600A04525 /* Release */,
			);
			defaultConfigurationIsVisible = 0;
			defaultConfigurationName = Release;
		};
		657217FD1CE2FCF600A04525 /* Build configuration list for PBXNativeTarget "TabBarTemplate-OCTests" */ = {
			isa = XCConfigurationList;
			buildConfigurations = (
				657217FE1CE2FCF600A04525 /* Debug */,
				657217FF1CE2FCF600A04525 /* Release */,
			);
			defaultConfigurationIsVisible = 0;
			defaultConfigurationName = Release;
		};
		657218001CE2FCF600A04525 /* Build configuration list for PBXNativeTarget "TabBarTemplate-OCUITests" */ = {
			isa = XCConfigurationList;
			buildConfigurations = (
				657218011CE2FCF600A04525 /* Debug */,
				657218021CE2FCF600A04525 /* Release */,
			);
			defaultConfigurationIsVisible = 0;
			defaultConfigurationName = Release;
		};
/* End XCConfigurationList section */
	};
	rootObject = 657217C51CE2FCF500A04525 /* Project object */;
}
